
Microsoft Visual Studio Solution File, Format Version 12.00
# Visual Studio Version 16
VisualStudioVersion = 16.0.30114.105
MinimumVisualStudioVersion = 10.0.40219.1
Project("{FAE04EC0-301F-11D3-BF4B-00C04F79EFBC}") = "Run", "Run\Run.csproj", "{1D6E01CE-2364-48E5-A4DC-2D72E81D1310}"
EndProject
Project("{FAE04EC0-301F-11D3-BF4B-00C04F79EFBC}") = "Q56_Merge_Intervals", "Q56_Merge_Intervals\Q56_Merge_Intervals.csproj", "{CFDC8CD3-D4A4-4BEC-B376-59A3782AB60B}"
EndProject
Project("{FAE04EC0-301F-11D3-BF4B-00C04F79EFBC}") = "Q65_Valid_Number", "Q65_Valid_Number\Q65_Valid_Number.csproj", "{3CE71FC5-0F5A-4E13-BACE-D6535332C68E}"
EndProject
Project("{FAE04EC0-301F-11D3-BF4B-00C04F79EFBC}") = "Q173_Binary_Search_Tree_Iterator", "Q173_Binary_Search_Tree_Iterator\Q173_Binary_Search_Tree_Iterator.csproj", "{8C27BFB7-A275-4FAC-9220-C99BED1D5A55}"
EndProject
Project("{FAE04EC0-301F-11D3-BF4B-00C04F79EFBC}") = "Q215_Kth_Largest_Element", "Q215_Kth_Largest_Element\Q215_Kth_Largest_Element.csproj", "{ECD7836A-8F74-4D63-A2B3-9F8DD499CC80}"
EndProject
Project("{FAE04EC0-301F-11D3-BF4B-00C04F79EFBC}") = "Q236_Lowest_Common_Ancestor_of_a_Binary_Tree", "Q236_Lowest_Common_Ancestor_of_a_Binary_Tree\Q236_Lowest_Common_Ancestor_of_a_Binary_Tree.csproj", "{C819F126-A559-40C3-858D-8847532CF49F}"
EndProject
Project("{FAE04EC0-301F-11D3-BF4B-00C04F79EFBC}") = "Q269_Alien_Dictionary", "Q269_Alien_Dictionary\Q269_Alien_Dictionary.csproj", "{5DE7152E-6895-4D56-8B4B-0525201D968B}"
EndProject
Project("{FAE04EC0-301F-11D3-BF4B-00C04F79EFBC}") = "Q273_Integer_To_English_Words", "Q273_Integer_To_English_Words\Q273_Integer_To_English_Words.csproj", "{4430B69E-FD73-4B71-B81D-0BE3539F711E}"
EndProject
Project("{FAE04EC0-301F-11D3-BF4B-00C04F79EFBC}") = "Q282_Expression_Add_Operators", "Q282_Expression_Add_Operators\Q282_Expression_Add_Operators.csproj", "{AB4EB497-6D1C-4ABF-AE61-881EB3770F9A}"
EndProject
Project("{FAE04EC0-301F-11D3-BF4B-00C04F79EFBC}") = "Q297_Serialize_Deserialize_Binary_Tree", "Q297_Serialize_Deserialize_Binary_Tree\Q297_Serialize_Deserialize_Binary_Tree.csproj", "{4DC71EDB-740B-4A49-ACF2-D2AC29B40AE9}"
EndProject
Project("{FAE04EC0-301F-11D3-BF4B-00C04F79EFBC}") = "Q316_Remove_Duplicate_Letters", "Q316_Remove_Duplicate_Letters\Q316_Remove_Duplicate_Letters.csproj", "{6AD4ADF3-F1C7-4669-9012-8803721143C0}"
EndProject
Project("{FAE04EC0-301F-11D3-BF4B-00C04F79EFBC}") = "Q383_Ransom_Note", "Q383_Ransom_Note\Q383_Ransom_Note.csproj", "{EA24915A-23F4-40DE-A65C-8A53B0EB363B}"
EndProject
Project("{FAE04EC0-301F-11D3-BF4B-00C04F79EFBC}") = "Q528_Random_Pick_with_Weight", "Q528_Random_Pick_with_Weight\Q528_Random_Pick_with_Weight.csproj", "{4F64D231-8B05-40BE-84D4-0DB5BD976325}"
EndProject
Project("{FAE04EC0-301F-11D3-BF4B-00C04F79EFBC}") = "Q621_Task_Scheduler", "Q621_Task_Scheduler\Q621_Task_Scheduler.csproj", "{D6BC8FAD-15BA-4ECD-BFC9-0436B5AA16A9}"
EndProject
Project("{FAE04EC0-301F-11D3-BF4B-00C04F79EFBC}") = "Q689_Maximum_Sum_of_3_Non-Overlapping_Subarrays", "Q689_Maximum_Sum_of_3_Non-Overlapping_Subarrays\Q689_Maximum_Sum_of_3_Non-Overlapping_Subarrays.csproj", "{B36A2C81-46A1-4292-9E8D-9D65E7D8E126}"
EndProject
Project("{FAE04EC0-301F-11D3-BF4B-00C04F79EFBC}") = "Q973_K_Closest_Points_To_Origin", "Q973_K_Closest_Points_To_Origin\Q973_K_Closest_Points_To_Origin.csproj", "{B9F65E2D-F83B-4AC0-A607-0CBBBCBD9A6E}"
EndProject
Project("{FAE04EC0-301F-11D3-BF4B-00C04F79EFBC}") = "Q986_Interval_List_Intersections", "Q986_Interval_List_Intersections\Q986_Interval_List_Intersections.csproj", "{8E903AA8-8E00-4342-9281-FB1D937A4F22}"
EndProject
Project("{FAE04EC0-301F-11D3-BF4B-00C04F79EFBC}") = "Q1249_Minimum_Remove_To_Make_Valid_Parentheses", "Q1249_Minimum_Remove_To_Make_Valid_Parentheses\Q1249_Minimum_Remove_To_Make_Valid_Parentheses.csproj", "{E56EB2BE-429F-4D99-B43A-67B0C531423F}"
EndProject
Project("{FAE04EC0-301F-11D3-BF4B-00C04F79EFBC}") = "Q1428_Leftmost_Column_With_Least_One", "Q1428_Leftmost_Column_With_Least_One\Q1428_Leftmost_Column_With_Least_One.csproj", "{04FA8C62-5F18-460F-9C28-A225C14CFF25}"
EndProject
Project("{FAE04EC0-301F-11D3-BF4B-00C04F79EFBC}") = "Q1650_Lowest_Common_Ancestor_of_a_Binary_Tree_III", "Q1650_Lowest_Common_Ancestor_of_a_Binary_Tree_III\Q1650_Lowest_Common_Ancestor_of_a_Binary_Tree_III.csproj", "{D90EB86C-3310-43A1-85B4-5A2629256530}"
EndProject
Project("{FAE04EC0-301F-11D3-BF4B-00C04F79EFBC}") = "Q1792_Buildings_With_Ocean_View", "Q1792_Buildings_With_Ocean_View\Q1792_Buildings_With_Ocean_View.csproj", "{C24451DD-2C6A-4C12-A794-B6F4FD026B0C}"
EndProject
Project("{FAE04EC0-301F-11D3-BF4B-00C04F79EFBC}") = "Q523_Continuous_Subarray_Sum", "Q523_Continuous_Subarray_Sum\Q523_Continuous_Subarray_Sum.csproj", "{76B7CAED-FAAA-495D-B12E-28C7F2BDAA85}"
EndProject
Project("{FAE04EC0-301F-11D3-BF4B-00C04F79EFBC}") = "Q199_Binary_Tree_Right_Side_View", "Q199_Binary_Tree_Right_Side_View\Q199_Binary_Tree_Right_Side_View.csproj", "{87B00E45-BF5B-4C41-829B-9B30553C0254}"
EndProject
Project("{FAE04EC0-301F-11D3-BF4B-00C04F79EFBC}") = "Q10_Regular_Expression_Matching", "Q10_Regular_Expression_Matching\Q10_Regular_Expression_Matching.csproj", "{BE070D29-E95E-406A-A9F9-A6321601C0FB}"
EndProject
Project("{FAE04EC0-301F-11D3-BF4B-00C04F79EFBC}") = "Q29_Divide_Two_Integers", "Q29_Divide_Two_Integers\Q29_Divide_Two_Integers.csproj", "{C9368B7F-D89A-455A-AD8B-9C86388FDB04}"
EndProject
Project("{FAE04EC0-301F-11D3-BF4B-00C04F79EFBC}") = "Q636_Exclusive_Time_of_Function", "Q636_Exclusive_Time_of_Function\Q636_Exclusive_Time_of_Function.csproj", "{CF3AA32B-8246-4437-9231-871492FD76DA}"
EndProject
Project("{FAE04EC0-301F-11D3-BF4B-00C04F79EFBC}") = "Q152_Maximum_Product_Subarray", "Q152_Maximum_Product_Subarray\Q152_Maximum_Product_Subarray.csproj", "{1BA8C221-7646-4061-B42E-50E59C544B5B}"
EndProject
Project("{FAE04EC0-301F-11D3-BF4B-00C04F79EFBC}") = "Q76_Minimum_WIndow_Substring", "Q76_Minimum_WIndow_Substring\Q76_Minimum_WIndow_Substring.csproj", "{02B5EE46-66FA-42DF-A71E-F375CBAEBB45}"
EndProject
Project("{FAE04EC0-301F-11D3-BF4B-00C04F79EFBC}") = "Counting_Sort", "Counting_Sort\Counting_Sort.csproj", "{1EABBE5D-824A-4D0A-BF40-351235DD6335}"
EndProject
Project("{FAE04EC0-301F-11D3-BF4B-00C04F79EFBC}") = "Q283_Move_Zeroes", "Q283_Move_Zeroes\Q283_Move_Zeroes.csproj", "{E995E0DA-8B64-4E8D-82A5-504053BDD2CA}"
EndProject
Project("{FAE04EC0-301F-11D3-BF4B-00C04F79EFBC}") = "Q23_Merge_K_Sorted_Lists", "Q23_Merge_K_Sorted_Lists\Q23_Merge_K_Sorted_Lists.csproj", "{40039466-921F-48E5-8BE1-A14B8F734D18}"
EndProject
Project("{FAE04EC0-301F-11D3-BF4B-00C04F79EFBC}") = "Q71_Simplify_Path", "Q71_Simplify_Path\Q71_Simplify_Path.csproj", "{BF3789F2-494E-4D47-B90B-4056CB43D757}"
EndProject
Project("{FAE04EC0-301F-11D3-BF4B-00C04F79EFBC}") = "Q253_Meeting_Room_II", "Q253_Meeting_Room_II\Q253_Meeting_Room_II.csproj", "{429155A8-7CEF-4129-87D6-FAD65CA79BAE}"
EndProject
Project("{FAE04EC0-301F-11D3-BF4B-00C04F79EFBC}") = "Q211_Design_Add_Search_Words_Data_Structure", "Q211_Design_Add_Search_Words_Data_Structure\Q211_Design_Add_Search_Words_Data_Structure.csproj", "{E17C0532-8798-4245-8644-D4F02C3A6E13}"
EndProject
Project("{FAE04EC0-301F-11D3-BF4B-00C04F79EFBC}") = "Q189_Rotate_Array", "Q189_Rotate_Array\Q189_Rotate_Array.csproj", "{321FC947-2B8B-45E0-B89E-3AB9F2A95F44}"
EndProject
Project("{FAE04EC0-301F-11D3-BF4B-00C04F79EFBC}") = "Q387_First_Unique_Character_In_a_String", "Q387_First_Unique_Character_In_a_String\Q387_First_Unique_Character_In_a_String.csproj", "{9082807A-83D9-4756-9A20-307EBF21D6E1}"
EndProject
Project("{FAE04EC0-301F-11D3-BF4B-00C04F79EFBC}") = "Q_Missing_Plus_Two", "Q_Missing_Plus_Two\Q_Missing_Plus_Two.csproj", "{E9A1A414-3117-41D9-990E-ABA5D910B19C}"
EndProject
Project("{FAE04EC0-301F-11D3-BF4B-00C04F79EFBC}") = "Q20_Valid_Parentheses", "Q20_Valid_Parentheses\Q20_Valid_Parentheses.csproj", "{9520CEAE-DA4F-4249-A741-9F1F487B5CE9}"
EndProject
Project("{FAE04EC0-301F-11D3-BF4B-00C04F79EFBC}") = "Q242_Valid_Anagram", "Q242_Valid_Anagram\Q242_Valid_Anagram.csproj", "{58B3F7C4-13CB-459E-BBCF-544782378A81}"
EndProject
Project("{2150E333-8FDC-42A3-9474-1A3956D46DE8}") = "Formation", "Formation", "{71C7D88B-6D5D-4E25-A275-869603700831}"
EndProject
Project("{2150E333-8FDC-42A3-9474-1A3956D46DE8}") = "21_Days_Challenge", "21_Days_Challenge", "{45EB27A3-9FBB-48ED-8C89-E0F074C02E8C}"
EndProject
Project("{FAE04EC0-301F-11D3-BF4B-00C04F79EFBC}") = "Day_1_Remove_Delete_Middle_Node_Q2095", "Formation\21_Days_Challenge\Day_1_Remove_Delete_Middle_Node_Q2095\Day_1_Remove_Delete_Middle_Node_Q2095.csproj", "{F4D0F4C2-26A6-43AC-BC80-D1762684A605}"
EndProject
Project("{FAE04EC0-301F-11D3-BF4B-00C04F79EFBC}") = "Day_2_Spiral_Traversal_Q54", "Formation\21_Days_Challenge\Day_2_Spiral_Traversal_Q54\Day_2_Spiral_Traversal_Q54.csproj", "{82FE764B-4AA7-4694-B9BC-85119629AF56}"
EndProject
Project("{FAE04EC0-301F-11D3-BF4B-00C04F79EFBC}") = "Day_3_Reverse_Groups_of_K_Nodes_Q25", "Formation\21_Days_Challenge\Day_3_Reverse_Groups_of_K_Nodes_Q25\Day_3_Reverse_Groups_of_K_Nodes_Q25.csproj", "{4936F68E-2FB8-4DC3-96CF-53116D2437E6}"
EndProject
Project("{FAE04EC0-301F-11D3-BF4B-00C04F79EFBC}") = "Day_4_Toeplitz_Matrix_Q766", "Formation\21_Days_Challenge\Day_4_Toeplitz_Matrix_Q766\Day_4_Toeplitz_Matrix_Q766.csproj", "{C9FD7A97-4205-421E-A286-3AFE0B2BDA74}"
EndProject
Project("{FAE04EC0-301F-11D3-BF4B-00C04F79EFBC}") = "Day_5_Monotonic_Matrix", "Formation\21_Days_Challenge\Day_5_Monotonic_Matrix\Day_5_Monotonic_Matrix.csproj", "{544EBBCF-F78C-46C0-8C1B-E3D4760ECD18}"
EndProject
Project("{FAE04EC0-301F-11D3-BF4B-00C04F79EFBC}") = "Day_6_Search_In_Matrix_Q240", "Formation\21_Days_Challenge\Day_6_Search_In_Matrix_Q240\Day_6_Search_In_Matrix_Q240.csproj", "{D932B4EA-845D-48B3-ADFD-C9EBD3E6232A}"
EndProject
Project("{FAE04EC0-301F-11D3-BF4B-00C04F79EFBC}") = "Day_7_Palindrome_Anagram", "Formation\21_Days_Challenge\Day_7_Palindrome_Anagram\Day_7_Palindrome_Anagram.csproj", "{F4A8CB4B-D714-46CB-8D5E-B7585A9A969A}"
EndProject
Project("{FAE04EC0-301F-11D3-BF4B-00C04F79EFBC}") = "Day_8_TreeToList_Q426", "Formation\21_Days_Challenge\Day_8_TreeToList_Q426\Day_8_TreeToList_Q426.csproj", "{6A1132F8-3D68-468D-AEB9-4B965EC7CC59}"
EndProject
Project("{FAE04EC0-301F-11D3-BF4B-00C04F79EFBC}") = "Day_9_BinarySearch_In_Array_Q704", "Formation\21_Days_Challenge\Day_9_BinarySearch_In_Array_Q704\Day_9_BinarySearch_In_Array_Q704.csproj", "{0895BDA2-071C-43FF-B7A9-784305CBE090}"
EndProject
Project("{FAE04EC0-301F-11D3-BF4B-00C04F79EFBC}") = "Day_10_Merge_Sort", "Formation\21_Days_Challenge\Day_10_Merge_Sort\Day_10_Merge_Sort.csproj", "{B3298367-3B2F-4B2B-A939-344086B14DD5}"
EndProject
Project("{FAE04EC0-301F-11D3-BF4B-00C04F79EFBC}") = "Day_11_Height_Of_Binary_Tree_Q104", "Formation\21_Days_Challenge\Day_11_Height_Of_Binary_Tree_Q104\Day_11_Height_Of_Binary_Tree_Q104.csproj", "{D6602164-2EAF-4C6F-86DE-04ACAF8D0F02}"
EndProject
Project("{FAE04EC0-301F-11D3-BF4B-00C04F79EFBC}") = "Day_12_Flatten_Sublist", "Formation\21_Days_Challenge\Day_12_Flatten_Sublist\Day_12_Flatten_Sublist.csproj", "{B86F069E-A27D-48F5-ABD3-D2DA5253801E}"
EndProject
Project("{FAE04EC0-301F-11D3-BF4B-00C04F79EFBC}") = "Day_13_Maze_Solver", "Formation\21_Days_Challenge\Day_13_Maze_Solver\Day_13_Maze_Solver.csproj", "{85892726-1503-4BDD-A04B-E4DCD172CFE0}"
EndProject
Project("{FAE04EC0-301F-11D3-BF4B-00C04F79EFBC}") = "Day_14_GeneratePassword", "Formation\21_Days_Challenge\Day_14_GeneratePassword\Day_14_GeneratePassword.csproj", "{D26F74F9-F5FA-47B9-AB82-DD5EFD2AD1FF}"
EndProject
Project("{FAE04EC0-301F-11D3-BF4B-00C04F79EFBC}") = "Day_15_N_Queen", "Formation\21_Days_Challenge\Day_15_N_Queen\Day_15_N_Queen.csproj", "{BB5EC479-61DC-41AD-971F-E7D4187B172C}"
EndProject
Project("{FAE04EC0-301F-11D3-BF4B-00C04F79EFBC}") = "Day_16_DaysToHigherTemp", "Formation\21_Days_Challenge\Day_16_DaysToHigherTemp\Day_16_DaysToHigherTemp.csproj", "{EF93630C-749B-4505-8CAA-29219F8AF5F3}"
EndProject
Project("{FAE04EC0-301F-11D3-BF4B-00C04F79EFBC}") = "Day_17_Minimum_Sum_Triangle", "Formation\21_Days_Challenge\Day_17_Minimum_Sum_Triangle\Day_17_Minimum_Sum_Triangle.csproj", "{C4C60E4F-3C29-4890-A838-5D3A307D3BEE}"
EndProject
Project("{FAE04EC0-301F-11D3-BF4B-00C04F79EFBC}") = "Day_18_K_Closest_Points", "Formation\21_Days_Challenge\Day_18_K_Closest_Points\Day_18_K_Closest_Points.csproj", "{83EB3558-B244-4F7F-ABAE-BE642A703A43}"
EndProject
Project("{FAE04EC0-301F-11D3-BF4B-00C04F79EFBC}") = "Day_19_Text_Justification", "Formation\21_Days_Challenge\Day_19_Text_Justification\Day_19_Text_Justification.csproj", "{A60BC75A-CFB2-4DD0-ABB6-996B1A7A365E}"
EndProject
Project("{FAE04EC0-301F-11D3-BF4B-00C04F79EFBC}") = "Day_20_Set_Matrix_To_Zero", "Formation\21_Days_Challenge\Day_20_Set_Matrix_To_Zero\Day_20_Set_Matrix_To_Zero.csproj", "{59CEF2C6-5BC8-4F83-ABA7-50C19533AD40}"
EndProject
Project("{FAE04EC0-301F-11D3-BF4B-00C04F79EFBC}") = "Day_21_Positions_Are_Safe", "Formation\21_Days_Challenge\Day_21_Positions_Are_Safe\Day_21_Positions_Are_Safe.csproj", "{5CD502FA-339D-4637-A1BF-BC5B32DCAD38}"
EndProject
Project("{FAE04EC0-301F-11D3-BF4B-00C04F79EFBC}") = "Q91_Decode_Ways", "Q91_Decode_Ways\Q91_Decode_Ways.csproj", "{58453981-B2A6-49F0-9E56-AAFB5532C244}"
EndProject
Project("{2150E333-8FDC-42A3-9474-1A3956D46DE8}") = "Misc", "Misc", "{0F05CDCB-91D8-45D5-B09E-1FE20A5D322E}"
EndProject
Project("{FAE04EC0-301F-11D3-BF4B-00C04F79EFBC}") = "Find_Any_One_Duplicate", "Misc\Find_Any_One_Duplicate\Find_Any_One_Duplicate.csproj", "{9190FE79-8571-492D-9EA1-D6D998521DB9}"
EndProject
Project("{2150E333-8FDC-42A3-9474-1A3956D46DE8}") = "Design Patterns", "Design Patterns", "{A059A18B-8F12-4AFA-A873-160FCE87B339}"
EndProject
Project("{FAE04EC0-301F-11D3-BF4B-00C04F79EFBC}") = "Factory", "Design Patterns\Factory\Factory.csproj", "{6329D6FC-7BCD-477C-8F69-8C84697EC35D}"
EndProject
Project("{FAE04EC0-301F-11D3-BF4B-00C04F79EFBC}") = "Builder", "Design Patterns\Builder\Builder.csproj", "{04B9930E-022A-4425-BFC8-5E4434E94024}"
EndProject
Project("{FAE04EC0-301F-11D3-BF4B-00C04F79EFBC}") = "Singleton", "Design Patterns\Singleton\Singleton.csproj", "{22DF60F2-E5FE-4A35-89C3-5EB577ABEAD8}"
EndProject
Global
	GlobalSection(SolutionConfigurationPlatforms) = preSolution
		Debug|Any CPU = Debug|Any CPU
		Debug|x64 = Debug|x64
		Debug|x86 = Debug|x86
		Release|Any CPU = Release|Any CPU
		Release|x64 = Release|x64
		Release|x86 = Release|x86
	EndGlobalSection
	GlobalSection(SolutionProperties) = preSolution
		HideSolutionNode = FALSE
	EndGlobalSection
	GlobalSection(ProjectConfigurationPlatforms) = postSolution
		{1D6E01CE-2364-48E5-A4DC-2D72E81D1310}.Debug|Any CPU.ActiveCfg = Debug|Any CPU
		{1D6E01CE-2364-48E5-A4DC-2D72E81D1310}.Debug|Any CPU.Build.0 = Debug|Any CPU
		{1D6E01CE-2364-48E5-A4DC-2D72E81D1310}.Debug|x64.ActiveCfg = Debug|Any CPU
		{1D6E01CE-2364-48E5-A4DC-2D72E81D1310}.Debug|x64.Build.0 = Debug|Any CPU
		{1D6E01CE-2364-48E5-A4DC-2D72E81D1310}.Debug|x86.ActiveCfg = Debug|Any CPU
		{1D6E01CE-2364-48E5-A4DC-2D72E81D1310}.Debug|x86.Build.0 = Debug|Any CPU
		{1D6E01CE-2364-48E5-A4DC-2D72E81D1310}.Release|Any CPU.ActiveCfg = Release|Any CPU
		{1D6E01CE-2364-48E5-A4DC-2D72E81D1310}.Release|Any CPU.Build.0 = Release|Any CPU
		{1D6E01CE-2364-48E5-A4DC-2D72E81D1310}.Release|x64.ActiveCfg = Release|Any CPU
		{1D6E01CE-2364-48E5-A4DC-2D72E81D1310}.Release|x64.Build.0 = Release|Any CPU
		{1D6E01CE-2364-48E5-A4DC-2D72E81D1310}.Release|x86.ActiveCfg = Release|Any CPU
		{1D6E01CE-2364-48E5-A4DC-2D72E81D1310}.Release|x86.Build.0 = Release|Any CPU
		{CFDC8CD3-D4A4-4BEC-B376-59A3782AB60B}.Debug|Any CPU.ActiveCfg = Debug|Any CPU
		{CFDC8CD3-D4A4-4BEC-B376-59A3782AB60B}.Debug|Any CPU.Build.0 = Debug|Any CPU
		{CFDC8CD3-D4A4-4BEC-B376-59A3782AB60B}.Debug|x64.ActiveCfg = Debug|Any CPU
		{CFDC8CD3-D4A4-4BEC-B376-59A3782AB60B}.Debug|x64.Build.0 = Debug|Any CPU
		{CFDC8CD3-D4A4-4BEC-B376-59A3782AB60B}.Debug|x86.ActiveCfg = Debug|Any CPU
		{CFDC8CD3-D4A4-4BEC-B376-59A3782AB60B}.Debug|x86.Build.0 = Debug|Any CPU
		{CFDC8CD3-D4A4-4BEC-B376-59A3782AB60B}.Release|Any CPU.ActiveCfg = Release|Any CPU
		{CFDC8CD3-D4A4-4BEC-B376-59A3782AB60B}.Release|Any CPU.Build.0 = Release|Any CPU
		{CFDC8CD3-D4A4-4BEC-B376-59A3782AB60B}.Release|x64.ActiveCfg = Release|Any CPU
		{CFDC8CD3-D4A4-4BEC-B376-59A3782AB60B}.Release|x64.Build.0 = Release|Any CPU
		{CFDC8CD3-D4A4-4BEC-B376-59A3782AB60B}.Release|x86.ActiveCfg = Release|Any CPU
		{CFDC8CD3-D4A4-4BEC-B376-59A3782AB60B}.Release|x86.Build.0 = Release|Any CPU
		{3CE71FC5-0F5A-4E13-BACE-D6535332C68E}.Debug|Any CPU.ActiveCfg = Debug|Any CPU
		{3CE71FC5-0F5A-4E13-BACE-D6535332C68E}.Debug|Any CPU.Build.0 = Debug|Any CPU
		{3CE71FC5-0F5A-4E13-BACE-D6535332C68E}.Debug|x64.ActiveCfg = Debug|Any CPU
		{3CE71FC5-0F5A-4E13-BACE-D6535332C68E}.Debug|x64.Build.0 = Debug|Any CPU
		{3CE71FC5-0F5A-4E13-BACE-D6535332C68E}.Debug|x86.ActiveCfg = Debug|Any CPU
		{3CE71FC5-0F5A-4E13-BACE-D6535332C68E}.Debug|x86.Build.0 = Debug|Any CPU
		{3CE71FC5-0F5A-4E13-BACE-D6535332C68E}.Release|Any CPU.ActiveCfg = Release|Any CPU
		{3CE71FC5-0F5A-4E13-BACE-D6535332C68E}.Release|Any CPU.Build.0 = Release|Any CPU
		{3CE71FC5-0F5A-4E13-BACE-D6535332C68E}.Release|x64.ActiveCfg = Release|Any CPU
		{3CE71FC5-0F5A-4E13-BACE-D6535332C68E}.Release|x64.Build.0 = Release|Any CPU
		{3CE71FC5-0F5A-4E13-BACE-D6535332C68E}.Release|x86.ActiveCfg = Release|Any CPU
		{3CE71FC5-0F5A-4E13-BACE-D6535332C68E}.Release|x86.Build.0 = Release|Any CPU
		{8C27BFB7-A275-4FAC-9220-C99BED1D5A55}.Debug|Any CPU.ActiveCfg = Debug|Any CPU
		{8C27BFB7-A275-4FAC-9220-C99BED1D5A55}.Debug|Any CPU.Build.0 = Debug|Any CPU
		{8C27BFB7-A275-4FAC-9220-C99BED1D5A55}.Debug|x64.ActiveCfg = Debug|Any CPU
		{8C27BFB7-A275-4FAC-9220-C99BED1D5A55}.Debug|x64.Build.0 = Debug|Any CPU
		{8C27BFB7-A275-4FAC-9220-C99BED1D5A55}.Debug|x86.ActiveCfg = Debug|Any CPU
		{8C27BFB7-A275-4FAC-9220-C99BED1D5A55}.Debug|x86.Build.0 = Debug|Any CPU
		{8C27BFB7-A275-4FAC-9220-C99BED1D5A55}.Release|Any CPU.ActiveCfg = Release|Any CPU
		{8C27BFB7-A275-4FAC-9220-C99BED1D5A55}.Release|Any CPU.Build.0 = Release|Any CPU
		{8C27BFB7-A275-4FAC-9220-C99BED1D5A55}.Release|x64.ActiveCfg = Release|Any CPU
		{8C27BFB7-A275-4FAC-9220-C99BED1D5A55}.Release|x64.Build.0 = Release|Any CPU
		{8C27BFB7-A275-4FAC-9220-C99BED1D5A55}.Release|x86.ActiveCfg = Release|Any CPU
		{8C27BFB7-A275-4FAC-9220-C99BED1D5A55}.Release|x86.Build.0 = Release|Any CPU
		{ECD7836A-8F74-4D63-A2B3-9F8DD499CC80}.Debug|Any CPU.ActiveCfg = Debug|Any CPU
		{ECD7836A-8F74-4D63-A2B3-9F8DD499CC80}.Debug|Any CPU.Build.0 = Debug|Any CPU
		{ECD7836A-8F74-4D63-A2B3-9F8DD499CC80}.Debug|x64.ActiveCfg = Debug|Any CPU
		{ECD7836A-8F74-4D63-A2B3-9F8DD499CC80}.Debug|x64.Build.0 = Debug|Any CPU
		{ECD7836A-8F74-4D63-A2B3-9F8DD499CC80}.Debug|x86.ActiveCfg = Debug|Any CPU
		{ECD7836A-8F74-4D63-A2B3-9F8DD499CC80}.Debug|x86.Build.0 = Debug|Any CPU
		{ECD7836A-8F74-4D63-A2B3-9F8DD499CC80}.Release|Any CPU.ActiveCfg = Release|Any CPU
		{ECD7836A-8F74-4D63-A2B3-9F8DD499CC80}.Release|Any CPU.Build.0 = Release|Any CPU
		{ECD7836A-8F74-4D63-A2B3-9F8DD499CC80}.Release|x64.ActiveCfg = Release|Any CPU
		{ECD7836A-8F74-4D63-A2B3-9F8DD499CC80}.Release|x64.Build.0 = Release|Any CPU
		{ECD7836A-8F74-4D63-A2B3-9F8DD499CC80}.Release|x86.ActiveCfg = Release|Any CPU
		{ECD7836A-8F74-4D63-A2B3-9F8DD499CC80}.Release|x86.Build.0 = Release|Any CPU
		{C819F126-A559-40C3-858D-8847532CF49F}.Debug|Any CPU.ActiveCfg = Debug|Any CPU
		{C819F126-A559-40C3-858D-8847532CF49F}.Debug|Any CPU.Build.0 = Debug|Any CPU
		{C819F126-A559-40C3-858D-8847532CF49F}.Debug|x64.ActiveCfg = Debug|Any CPU
		{C819F126-A559-40C3-858D-8847532CF49F}.Debug|x64.Build.0 = Debug|Any CPU
		{C819F126-A559-40C3-858D-8847532CF49F}.Debug|x86.ActiveCfg = Debug|Any CPU
		{C819F126-A559-40C3-858D-8847532CF49F}.Debug|x86.Build.0 = Debug|Any CPU
		{C819F126-A559-40C3-858D-8847532CF49F}.Release|Any CPU.ActiveCfg = Release|Any CPU
		{C819F126-A559-40C3-858D-8847532CF49F}.Release|Any CPU.Build.0 = Release|Any CPU
		{C819F126-A559-40C3-858D-8847532CF49F}.Release|x64.ActiveCfg = Release|Any CPU
		{C819F126-A559-40C3-858D-8847532CF49F}.Release|x64.Build.0 = Release|Any CPU
		{C819F126-A559-40C3-858D-8847532CF49F}.Release|x86.ActiveCfg = Release|Any CPU
		{C819F126-A559-40C3-858D-8847532CF49F}.Release|x86.Build.0 = Release|Any CPU
		{5DE7152E-6895-4D56-8B4B-0525201D968B}.Debug|Any CPU.ActiveCfg = Debug|Any CPU
		{5DE7152E-6895-4D56-8B4B-0525201D968B}.Debug|Any CPU.Build.0 = Debug|Any CPU
		{5DE7152E-6895-4D56-8B4B-0525201D968B}.Debug|x64.ActiveCfg = Debug|Any CPU
		{5DE7152E-6895-4D56-8B4B-0525201D968B}.Debug|x64.Build.0 = Debug|Any CPU
		{5DE7152E-6895-4D56-8B4B-0525201D968B}.Debug|x86.ActiveCfg = Debug|Any CPU
		{5DE7152E-6895-4D56-8B4B-0525201D968B}.Debug|x86.Build.0 = Debug|Any CPU
		{5DE7152E-6895-4D56-8B4B-0525201D968B}.Release|Any CPU.ActiveCfg = Release|Any CPU
		{5DE7152E-6895-4D56-8B4B-0525201D968B}.Release|Any CPU.Build.0 = Release|Any CPU
		{5DE7152E-6895-4D56-8B4B-0525201D968B}.Release|x64.ActiveCfg = Release|Any CPU
		{5DE7152E-6895-4D56-8B4B-0525201D968B}.Release|x64.Build.0 = Release|Any CPU
		{5DE7152E-6895-4D56-8B4B-0525201D968B}.Release|x86.ActiveCfg = Release|Any CPU
		{5DE7152E-6895-4D56-8B4B-0525201D968B}.Release|x86.Build.0 = Release|Any CPU
		{4430B69E-FD73-4B71-B81D-0BE3539F711E}.Debug|Any CPU.ActiveCfg = Debug|Any CPU
		{4430B69E-FD73-4B71-B81D-0BE3539F711E}.Debug|Any CPU.Build.0 = Debug|Any CPU
		{4430B69E-FD73-4B71-B81D-0BE3539F711E}.Debug|x64.ActiveCfg = Debug|Any CPU
		{4430B69E-FD73-4B71-B81D-0BE3539F711E}.Debug|x64.Build.0 = Debug|Any CPU
		{4430B69E-FD73-4B71-B81D-0BE3539F711E}.Debug|x86.ActiveCfg = Debug|Any CPU
		{4430B69E-FD73-4B71-B81D-0BE3539F711E}.Debug|x86.Build.0 = Debug|Any CPU
		{4430B69E-FD73-4B71-B81D-0BE3539F711E}.Release|Any CPU.ActiveCfg = Release|Any CPU
		{4430B69E-FD73-4B71-B81D-0BE3539F711E}.Release|Any CPU.Build.0 = Release|Any CPU
		{4430B69E-FD73-4B71-B81D-0BE3539F711E}.Release|x64.ActiveCfg = Release|Any CPU
		{4430B69E-FD73-4B71-B81D-0BE3539F711E}.Release|x64.Build.0 = Release|Any CPU
		{4430B69E-FD73-4B71-B81D-0BE3539F711E}.Release|x86.ActiveCfg = Release|Any CPU
		{4430B69E-FD73-4B71-B81D-0BE3539F711E}.Release|x86.Build.0 = Release|Any CPU
		{AB4EB497-6D1C-4ABF-AE61-881EB3770F9A}.Debug|Any CPU.ActiveCfg = Debug|Any CPU
		{AB4EB497-6D1C-4ABF-AE61-881EB3770F9A}.Debug|Any CPU.Build.0 = Debug|Any CPU
		{AB4EB497-6D1C-4ABF-AE61-881EB3770F9A}.Debug|x64.ActiveCfg = Debug|Any CPU
		{AB4EB497-6D1C-4ABF-AE61-881EB3770F9A}.Debug|x64.Build.0 = Debug|Any CPU
		{AB4EB497-6D1C-4ABF-AE61-881EB3770F9A}.Debug|x86.ActiveCfg = Debug|Any CPU
		{AB4EB497-6D1C-4ABF-AE61-881EB3770F9A}.Debug|x86.Build.0 = Debug|Any CPU
		{AB4EB497-6D1C-4ABF-AE61-881EB3770F9A}.Release|Any CPU.ActiveCfg = Release|Any CPU
		{AB4EB497-6D1C-4ABF-AE61-881EB3770F9A}.Release|Any CPU.Build.0 = Release|Any CPU
		{AB4EB497-6D1C-4ABF-AE61-881EB3770F9A}.Release|x64.ActiveCfg = Release|Any CPU
		{AB4EB497-6D1C-4ABF-AE61-881EB3770F9A}.Release|x64.Build.0 = Release|Any CPU
		{AB4EB497-6D1C-4ABF-AE61-881EB3770F9A}.Release|x86.ActiveCfg = Release|Any CPU
		{AB4EB497-6D1C-4ABF-AE61-881EB3770F9A}.Release|x86.Build.0 = Release|Any CPU
		{4DC71EDB-740B-4A49-ACF2-D2AC29B40AE9}.Debug|Any CPU.ActiveCfg = Debug|Any CPU
		{4DC71EDB-740B-4A49-ACF2-D2AC29B40AE9}.Debug|Any CPU.Build.0 = Debug|Any CPU
		{4DC71EDB-740B-4A49-ACF2-D2AC29B40AE9}.Debug|x64.ActiveCfg = Debug|Any CPU
		{4DC71EDB-740B-4A49-ACF2-D2AC29B40AE9}.Debug|x64.Build.0 = Debug|Any CPU
		{4DC71EDB-740B-4A49-ACF2-D2AC29B40AE9}.Debug|x86.ActiveCfg = Debug|Any CPU
		{4DC71EDB-740B-4A49-ACF2-D2AC29B40AE9}.Debug|x86.Build.0 = Debug|Any CPU
		{4DC71EDB-740B-4A49-ACF2-D2AC29B40AE9}.Release|Any CPU.ActiveCfg = Release|Any CPU
		{4DC71EDB-740B-4A49-ACF2-D2AC29B40AE9}.Release|Any CPU.Build.0 = Release|Any CPU
		{4DC71EDB-740B-4A49-ACF2-D2AC29B40AE9}.Release|x64.ActiveCfg = Release|Any CPU
		{4DC71EDB-740B-4A49-ACF2-D2AC29B40AE9}.Release|x64.Build.0 = Release|Any CPU
		{4DC71EDB-740B-4A49-ACF2-D2AC29B40AE9}.Release|x86.ActiveCfg = Release|Any CPU
		{4DC71EDB-740B-4A49-ACF2-D2AC29B40AE9}.Release|x86.Build.0 = Release|Any CPU
		{6AD4ADF3-F1C7-4669-9012-8803721143C0}.Debug|Any CPU.ActiveCfg = Debug|Any CPU
		{6AD4ADF3-F1C7-4669-9012-8803721143C0}.Debug|Any CPU.Build.0 = Debug|Any CPU
		{6AD4ADF3-F1C7-4669-9012-8803721143C0}.Debug|x64.ActiveCfg = Debug|Any CPU
		{6AD4ADF3-F1C7-4669-9012-8803721143C0}.Debug|x64.Build.0 = Debug|Any CPU
		{6AD4ADF3-F1C7-4669-9012-8803721143C0}.Debug|x86.ActiveCfg = Debug|Any CPU
		{6AD4ADF3-F1C7-4669-9012-8803721143C0}.Debug|x86.Build.0 = Debug|Any CPU
		{6AD4ADF3-F1C7-4669-9012-8803721143C0}.Release|Any CPU.ActiveCfg = Release|Any CPU
		{6AD4ADF3-F1C7-4669-9012-8803721143C0}.Release|Any CPU.Build.0 = Release|Any CPU
		{6AD4ADF3-F1C7-4669-9012-8803721143C0}.Release|x64.ActiveCfg = Release|Any CPU
		{6AD4ADF3-F1C7-4669-9012-8803721143C0}.Release|x64.Build.0 = Release|Any CPU
		{6AD4ADF3-F1C7-4669-9012-8803721143C0}.Release|x86.ActiveCfg = Release|Any CPU
		{6AD4ADF3-F1C7-4669-9012-8803721143C0}.Release|x86.Build.0 = Release|Any CPU
		{EA24915A-23F4-40DE-A65C-8A53B0EB363B}.Debug|Any CPU.ActiveCfg = Debug|Any CPU
		{EA24915A-23F4-40DE-A65C-8A53B0EB363B}.Debug|Any CPU.Build.0 = Debug|Any CPU
		{EA24915A-23F4-40DE-A65C-8A53B0EB363B}.Debug|x64.ActiveCfg = Debug|Any CPU
		{EA24915A-23F4-40DE-A65C-8A53B0EB363B}.Debug|x64.Build.0 = Debug|Any CPU
		{EA24915A-23F4-40DE-A65C-8A53B0EB363B}.Debug|x86.ActiveCfg = Debug|Any CPU
		{EA24915A-23F4-40DE-A65C-8A53B0EB363B}.Debug|x86.Build.0 = Debug|Any CPU
		{EA24915A-23F4-40DE-A65C-8A53B0EB363B}.Release|Any CPU.ActiveCfg = Release|Any CPU
		{EA24915A-23F4-40DE-A65C-8A53B0EB363B}.Release|Any CPU.Build.0 = Release|Any CPU
		{EA24915A-23F4-40DE-A65C-8A53B0EB363B}.Release|x64.ActiveCfg = Release|Any CPU
		{EA24915A-23F4-40DE-A65C-8A53B0EB363B}.Release|x64.Build.0 = Release|Any CPU
		{EA24915A-23F4-40DE-A65C-8A53B0EB363B}.Release|x86.ActiveCfg = Release|Any CPU
		{EA24915A-23F4-40DE-A65C-8A53B0EB363B}.Release|x86.Build.0 = Release|Any CPU
		{4F64D231-8B05-40BE-84D4-0DB5BD976325}.Debug|Any CPU.ActiveCfg = Debug|Any CPU
		{4F64D231-8B05-40BE-84D4-0DB5BD976325}.Debug|Any CPU.Build.0 = Debug|Any CPU
		{4F64D231-8B05-40BE-84D4-0DB5BD976325}.Debug|x64.ActiveCfg = Debug|Any CPU
		{4F64D231-8B05-40BE-84D4-0DB5BD976325}.Debug|x64.Build.0 = Debug|Any CPU
		{4F64D231-8B05-40BE-84D4-0DB5BD976325}.Debug|x86.ActiveCfg = Debug|Any CPU
		{4F64D231-8B05-40BE-84D4-0DB5BD976325}.Debug|x86.Build.0 = Debug|Any CPU
		{4F64D231-8B05-40BE-84D4-0DB5BD976325}.Release|Any CPU.ActiveCfg = Release|Any CPU
		{4F64D231-8B05-40BE-84D4-0DB5BD976325}.Release|Any CPU.Build.0 = Release|Any CPU
		{4F64D231-8B05-40BE-84D4-0DB5BD976325}.Release|x64.ActiveCfg = Release|Any CPU
		{4F64D231-8B05-40BE-84D4-0DB5BD976325}.Release|x64.Build.0 = Release|Any CPU
		{4F64D231-8B05-40BE-84D4-0DB5BD976325}.Release|x86.ActiveCfg = Release|Any CPU
		{4F64D231-8B05-40BE-84D4-0DB5BD976325}.Release|x86.Build.0 = Release|Any CPU
		{D6BC8FAD-15BA-4ECD-BFC9-0436B5AA16A9}.Debug|Any CPU.ActiveCfg = Debug|Any CPU
		{D6BC8FAD-15BA-4ECD-BFC9-0436B5AA16A9}.Debug|Any CPU.Build.0 = Debug|Any CPU
		{D6BC8FAD-15BA-4ECD-BFC9-0436B5AA16A9}.Debug|x64.ActiveCfg = Debug|Any CPU
		{D6BC8FAD-15BA-4ECD-BFC9-0436B5AA16A9}.Debug|x64.Build.0 = Debug|Any CPU
		{D6BC8FAD-15BA-4ECD-BFC9-0436B5AA16A9}.Debug|x86.ActiveCfg = Debug|Any CPU
		{D6BC8FAD-15BA-4ECD-BFC9-0436B5AA16A9}.Debug|x86.Build.0 = Debug|Any CPU
		{D6BC8FAD-15BA-4ECD-BFC9-0436B5AA16A9}.Release|Any CPU.ActiveCfg = Release|Any CPU
		{D6BC8FAD-15BA-4ECD-BFC9-0436B5AA16A9}.Release|Any CPU.Build.0 = Release|Any CPU
		{D6BC8FAD-15BA-4ECD-BFC9-0436B5AA16A9}.Release|x64.ActiveCfg = Release|Any CPU
		{D6BC8FAD-15BA-4ECD-BFC9-0436B5AA16A9}.Release|x64.Build.0 = Release|Any CPU
		{D6BC8FAD-15BA-4ECD-BFC9-0436B5AA16A9}.Release|x86.ActiveCfg = Release|Any CPU
		{D6BC8FAD-15BA-4ECD-BFC9-0436B5AA16A9}.Release|x86.Build.0 = Release|Any CPU
		{B36A2C81-46A1-4292-9E8D-9D65E7D8E126}.Debug|Any CPU.ActiveCfg = Debug|Any CPU
		{B36A2C81-46A1-4292-9E8D-9D65E7D8E126}.Debug|Any CPU.Build.0 = Debug|Any CPU
		{B36A2C81-46A1-4292-9E8D-9D65E7D8E126}.Debug|x64.ActiveCfg = Debug|Any CPU
		{B36A2C81-46A1-4292-9E8D-9D65E7D8E126}.Debug|x64.Build.0 = Debug|Any CPU
		{B36A2C81-46A1-4292-9E8D-9D65E7D8E126}.Debug|x86.ActiveCfg = Debug|Any CPU
		{B36A2C81-46A1-4292-9E8D-9D65E7D8E126}.Debug|x86.Build.0 = Debug|Any CPU
		{B36A2C81-46A1-4292-9E8D-9D65E7D8E126}.Release|Any CPU.ActiveCfg = Release|Any CPU
		{B36A2C81-46A1-4292-9E8D-9D65E7D8E126}.Release|Any CPU.Build.0 = Release|Any CPU
		{B36A2C81-46A1-4292-9E8D-9D65E7D8E126}.Release|x64.ActiveCfg = Release|Any CPU
		{B36A2C81-46A1-4292-9E8D-9D65E7D8E126}.Release|x64.Build.0 = Release|Any CPU
		{B36A2C81-46A1-4292-9E8D-9D65E7D8E126}.Release|x86.ActiveCfg = Release|Any CPU
		{B36A2C81-46A1-4292-9E8D-9D65E7D8E126}.Release|x86.Build.0 = Release|Any CPU
		{B9F65E2D-F83B-4AC0-A607-0CBBBCBD9A6E}.Debug|Any CPU.ActiveCfg = Debug|Any CPU
		{B9F65E2D-F83B-4AC0-A607-0CBBBCBD9A6E}.Debug|Any CPU.Build.0 = Debug|Any CPU
		{B9F65E2D-F83B-4AC0-A607-0CBBBCBD9A6E}.Debug|x64.ActiveCfg = Debug|Any CPU
		{B9F65E2D-F83B-4AC0-A607-0CBBBCBD9A6E}.Debug|x64.Build.0 = Debug|Any CPU
		{B9F65E2D-F83B-4AC0-A607-0CBBBCBD9A6E}.Debug|x86.ActiveCfg = Debug|Any CPU
		{B9F65E2D-F83B-4AC0-A607-0CBBBCBD9A6E}.Debug|x86.Build.0 = Debug|Any CPU
		{B9F65E2D-F83B-4AC0-A607-0CBBBCBD9A6E}.Release|Any CPU.ActiveCfg = Release|Any CPU
		{B9F65E2D-F83B-4AC0-A607-0CBBBCBD9A6E}.Release|Any CPU.Build.0 = Release|Any CPU
		{B9F65E2D-F83B-4AC0-A607-0CBBBCBD9A6E}.Release|x64.ActiveCfg = Release|Any CPU
		{B9F65E2D-F83B-4AC0-A607-0CBBBCBD9A6E}.Release|x64.Build.0 = Release|Any CPU
		{B9F65E2D-F83B-4AC0-A607-0CBBBCBD9A6E}.Release|x86.ActiveCfg = Release|Any CPU
		{B9F65E2D-F83B-4AC0-A607-0CBBBCBD9A6E}.Release|x86.Build.0 = Release|Any CPU
		{8E903AA8-8E00-4342-9281-FB1D937A4F22}.Debug|Any CPU.ActiveCfg = Debug|Any CPU
		{8E903AA8-8E00-4342-9281-FB1D937A4F22}.Debug|Any CPU.Build.0 = Debug|Any CPU
		{8E903AA8-8E00-4342-9281-FB1D937A4F22}.Debug|x64.ActiveCfg = Debug|Any CPU
		{8E903AA8-8E00-4342-9281-FB1D937A4F22}.Debug|x64.Build.0 = Debug|Any CPU
		{8E903AA8-8E00-4342-9281-FB1D937A4F22}.Debug|x86.ActiveCfg = Debug|Any CPU
		{8E903AA8-8E00-4342-9281-FB1D937A4F22}.Debug|x86.Build.0 = Debug|Any CPU
		{8E903AA8-8E00-4342-9281-FB1D937A4F22}.Release|Any CPU.ActiveCfg = Release|Any CPU
		{8E903AA8-8E00-4342-9281-FB1D937A4F22}.Release|Any CPU.Build.0 = Release|Any CPU
		{8E903AA8-8E00-4342-9281-FB1D937A4F22}.Release|x64.ActiveCfg = Release|Any CPU
		{8E903AA8-8E00-4342-9281-FB1D937A4F22}.Release|x64.Build.0 = Release|Any CPU
		{8E903AA8-8E00-4342-9281-FB1D937A4F22}.Release|x86.ActiveCfg = Release|Any CPU
		{8E903AA8-8E00-4342-9281-FB1D937A4F22}.Release|x86.Build.0 = Release|Any CPU
		{E56EB2BE-429F-4D99-B43A-67B0C531423F}.Debug|Any CPU.ActiveCfg = Debug|Any CPU
		{E56EB2BE-429F-4D99-B43A-67B0C531423F}.Debug|Any CPU.Build.0 = Debug|Any CPU
		{E56EB2BE-429F-4D99-B43A-67B0C531423F}.Debug|x64.ActiveCfg = Debug|Any CPU
		{E56EB2BE-429F-4D99-B43A-67B0C531423F}.Debug|x64.Build.0 = Debug|Any CPU
		{E56EB2BE-429F-4D99-B43A-67B0C531423F}.Debug|x86.ActiveCfg = Debug|Any CPU
		{E56EB2BE-429F-4D99-B43A-67B0C531423F}.Debug|x86.Build.0 = Debug|Any CPU
		{E56EB2BE-429F-4D99-B43A-67B0C531423F}.Release|Any CPU.ActiveCfg = Release|Any CPU
		{E56EB2BE-429F-4D99-B43A-67B0C531423F}.Release|Any CPU.Build.0 = Release|Any CPU
		{E56EB2BE-429F-4D99-B43A-67B0C531423F}.Release|x64.ActiveCfg = Release|Any CPU
		{E56EB2BE-429F-4D99-B43A-67B0C531423F}.Release|x64.Build.0 = Release|Any CPU
		{E56EB2BE-429F-4D99-B43A-67B0C531423F}.Release|x86.ActiveCfg = Release|Any CPU
		{E56EB2BE-429F-4D99-B43A-67B0C531423F}.Release|x86.Build.0 = Release|Any CPU
		{04FA8C62-5F18-460F-9C28-A225C14CFF25}.Debug|Any CPU.ActiveCfg = Debug|Any CPU
		{04FA8C62-5F18-460F-9C28-A225C14CFF25}.Debug|Any CPU.Build.0 = Debug|Any CPU
		{04FA8C62-5F18-460F-9C28-A225C14CFF25}.Debug|x64.ActiveCfg = Debug|Any CPU
		{04FA8C62-5F18-460F-9C28-A225C14CFF25}.Debug|x64.Build.0 = Debug|Any CPU
		{04FA8C62-5F18-460F-9C28-A225C14CFF25}.Debug|x86.ActiveCfg = Debug|Any CPU
		{04FA8C62-5F18-460F-9C28-A225C14CFF25}.Debug|x86.Build.0 = Debug|Any CPU
		{04FA8C62-5F18-460F-9C28-A225C14CFF25}.Release|Any CPU.ActiveCfg = Release|Any CPU
		{04FA8C62-5F18-460F-9C28-A225C14CFF25}.Release|Any CPU.Build.0 = Release|Any CPU
		{04FA8C62-5F18-460F-9C28-A225C14CFF25}.Release|x64.ActiveCfg = Release|Any CPU
		{04FA8C62-5F18-460F-9C28-A225C14CFF25}.Release|x64.Build.0 = Release|Any CPU
		{04FA8C62-5F18-460F-9C28-A225C14CFF25}.Release|x86.ActiveCfg = Release|Any CPU
		{04FA8C62-5F18-460F-9C28-A225C14CFF25}.Release|x86.Build.0 = Release|Any CPU
		{D90EB86C-3310-43A1-85B4-5A2629256530}.Debug|Any CPU.ActiveCfg = Debug|Any CPU
		{D90EB86C-3310-43A1-85B4-5A2629256530}.Debug|Any CPU.Build.0 = Debug|Any CPU
		{D90EB86C-3310-43A1-85B4-5A2629256530}.Debug|x64.ActiveCfg = Debug|Any CPU
		{D90EB86C-3310-43A1-85B4-5A2629256530}.Debug|x64.Build.0 = Debug|Any CPU
		{D90EB86C-3310-43A1-85B4-5A2629256530}.Debug|x86.ActiveCfg = Debug|Any CPU
		{D90EB86C-3310-43A1-85B4-5A2629256530}.Debug|x86.Build.0 = Debug|Any CPU
		{D90EB86C-3310-43A1-85B4-5A2629256530}.Release|Any CPU.ActiveCfg = Release|Any CPU
		{D90EB86C-3310-43A1-85B4-5A2629256530}.Release|Any CPU.Build.0 = Release|Any CPU
		{D90EB86C-3310-43A1-85B4-5A2629256530}.Release|x64.ActiveCfg = Release|Any CPU
		{D90EB86C-3310-43A1-85B4-5A2629256530}.Release|x64.Build.0 = Release|Any CPU
		{D90EB86C-3310-43A1-85B4-5A2629256530}.Release|x86.ActiveCfg = Release|Any CPU
		{D90EB86C-3310-43A1-85B4-5A2629256530}.Release|x86.Build.0 = Release|Any CPU
		{C24451DD-2C6A-4C12-A794-B6F4FD026B0C}.Debug|Any CPU.ActiveCfg = Debug|Any CPU
		{C24451DD-2C6A-4C12-A794-B6F4FD026B0C}.Debug|Any CPU.Build.0 = Debug|Any CPU
		{C24451DD-2C6A-4C12-A794-B6F4FD026B0C}.Debug|x64.ActiveCfg = Debug|Any CPU
		{C24451DD-2C6A-4C12-A794-B6F4FD026B0C}.Debug|x64.Build.0 = Debug|Any CPU
		{C24451DD-2C6A-4C12-A794-B6F4FD026B0C}.Debug|x86.ActiveCfg = Debug|Any CPU
		{C24451DD-2C6A-4C12-A794-B6F4FD026B0C}.Debug|x86.Build.0 = Debug|Any CPU
		{C24451DD-2C6A-4C12-A794-B6F4FD026B0C}.Release|Any CPU.ActiveCfg = Release|Any CPU
		{C24451DD-2C6A-4C12-A794-B6F4FD026B0C}.Release|Any CPU.Build.0 = Release|Any CPU
		{C24451DD-2C6A-4C12-A794-B6F4FD026B0C}.Release|x64.ActiveCfg = Release|Any CPU
		{C24451DD-2C6A-4C12-A794-B6F4FD026B0C}.Release|x64.Build.0 = Release|Any CPU
		{C24451DD-2C6A-4C12-A794-B6F4FD026B0C}.Release|x86.ActiveCfg = Release|Any CPU
		{C24451DD-2C6A-4C12-A794-B6F4FD026B0C}.Release|x86.Build.0 = Release|Any CPU
		{76B7CAED-FAAA-495D-B12E-28C7F2BDAA85}.Debug|Any CPU.ActiveCfg = Debug|Any CPU
		{76B7CAED-FAAA-495D-B12E-28C7F2BDAA85}.Debug|Any CPU.Build.0 = Debug|Any CPU
		{76B7CAED-FAAA-495D-B12E-28C7F2BDAA85}.Debug|x64.ActiveCfg = Debug|Any CPU
		{76B7CAED-FAAA-495D-B12E-28C7F2BDAA85}.Debug|x64.Build.0 = Debug|Any CPU
		{76B7CAED-FAAA-495D-B12E-28C7F2BDAA85}.Debug|x86.ActiveCfg = Debug|Any CPU
		{76B7CAED-FAAA-495D-B12E-28C7F2BDAA85}.Debug|x86.Build.0 = Debug|Any CPU
		{76B7CAED-FAAA-495D-B12E-28C7F2BDAA85}.Release|Any CPU.ActiveCfg = Release|Any CPU
		{76B7CAED-FAAA-495D-B12E-28C7F2BDAA85}.Release|Any CPU.Build.0 = Release|Any CPU
		{76B7CAED-FAAA-495D-B12E-28C7F2BDAA85}.Release|x64.ActiveCfg = Release|Any CPU
		{76B7CAED-FAAA-495D-B12E-28C7F2BDAA85}.Release|x64.Build.0 = Release|Any CPU
		{76B7CAED-FAAA-495D-B12E-28C7F2BDAA85}.Release|x86.ActiveCfg = Release|Any CPU
		{76B7CAED-FAAA-495D-B12E-28C7F2BDAA85}.Release|x86.Build.0 = Release|Any CPU
		{87B00E45-BF5B-4C41-829B-9B30553C0254}.Debug|Any CPU.ActiveCfg = Debug|Any CPU
		{87B00E45-BF5B-4C41-829B-9B30553C0254}.Debug|Any CPU.Build.0 = Debug|Any CPU
		{87B00E45-BF5B-4C41-829B-9B30553C0254}.Debug|x64.ActiveCfg = Debug|Any CPU
		{87B00E45-BF5B-4C41-829B-9B30553C0254}.Debug|x64.Build.0 = Debug|Any CPU
		{87B00E45-BF5B-4C41-829B-9B30553C0254}.Debug|x86.ActiveCfg = Debug|Any CPU
		{87B00E45-BF5B-4C41-829B-9B30553C0254}.Debug|x86.Build.0 = Debug|Any CPU
		{87B00E45-BF5B-4C41-829B-9B30553C0254}.Release|Any CPU.ActiveCfg = Release|Any CPU
		{87B00E45-BF5B-4C41-829B-9B30553C0254}.Release|Any CPU.Build.0 = Release|Any CPU
		{87B00E45-BF5B-4C41-829B-9B30553C0254}.Release|x64.ActiveCfg = Release|Any CPU
		{87B00E45-BF5B-4C41-829B-9B30553C0254}.Release|x64.Build.0 = Release|Any CPU
		{87B00E45-BF5B-4C41-829B-9B30553C0254}.Release|x86.ActiveCfg = Release|Any CPU
		{87B00E45-BF5B-4C41-829B-9B30553C0254}.Release|x86.Build.0 = Release|Any CPU
		{BE070D29-E95E-406A-A9F9-A6321601C0FB}.Debug|Any CPU.ActiveCfg = Debug|Any CPU
		{BE070D29-E95E-406A-A9F9-A6321601C0FB}.Debug|Any CPU.Build.0 = Debug|Any CPU
		{BE070D29-E95E-406A-A9F9-A6321601C0FB}.Debug|x64.ActiveCfg = Debug|Any CPU
		{BE070D29-E95E-406A-A9F9-A6321601C0FB}.Debug|x64.Build.0 = Debug|Any CPU
		{BE070D29-E95E-406A-A9F9-A6321601C0FB}.Debug|x86.ActiveCfg = Debug|Any CPU
		{BE070D29-E95E-406A-A9F9-A6321601C0FB}.Debug|x86.Build.0 = Debug|Any CPU
		{BE070D29-E95E-406A-A9F9-A6321601C0FB}.Release|Any CPU.ActiveCfg = Release|Any CPU
		{BE070D29-E95E-406A-A9F9-A6321601C0FB}.Release|Any CPU.Build.0 = Release|Any CPU
		{BE070D29-E95E-406A-A9F9-A6321601C0FB}.Release|x64.ActiveCfg = Release|Any CPU
		{BE070D29-E95E-406A-A9F9-A6321601C0FB}.Release|x64.Build.0 = Release|Any CPU
		{BE070D29-E95E-406A-A9F9-A6321601C0FB}.Release|x86.ActiveCfg = Release|Any CPU
		{BE070D29-E95E-406A-A9F9-A6321601C0FB}.Release|x86.Build.0 = Release|Any CPU
		{C9368B7F-D89A-455A-AD8B-9C86388FDB04}.Debug|Any CPU.ActiveCfg = Debug|Any CPU
		{C9368B7F-D89A-455A-AD8B-9C86388FDB04}.Debug|Any CPU.Build.0 = Debug|Any CPU
		{C9368B7F-D89A-455A-AD8B-9C86388FDB04}.Debug|x64.ActiveCfg = Debug|Any CPU
		{C9368B7F-D89A-455A-AD8B-9C86388FDB04}.Debug|x64.Build.0 = Debug|Any CPU
		{C9368B7F-D89A-455A-AD8B-9C86388FDB04}.Debug|x86.ActiveCfg = Debug|Any CPU
		{C9368B7F-D89A-455A-AD8B-9C86388FDB04}.Debug|x86.Build.0 = Debug|Any CPU
		{C9368B7F-D89A-455A-AD8B-9C86388FDB04}.Release|Any CPU.ActiveCfg = Release|Any CPU
		{C9368B7F-D89A-455A-AD8B-9C86388FDB04}.Release|Any CPU.Build.0 = Release|Any CPU
		{C9368B7F-D89A-455A-AD8B-9C86388FDB04}.Release|x64.ActiveCfg = Release|Any CPU
		{C9368B7F-D89A-455A-AD8B-9C86388FDB04}.Release|x64.Build.0 = Release|Any CPU
		{C9368B7F-D89A-455A-AD8B-9C86388FDB04}.Release|x86.ActiveCfg = Release|Any CPU
		{C9368B7F-D89A-455A-AD8B-9C86388FDB04}.Release|x86.Build.0 = Release|Any CPU
		{CF3AA32B-8246-4437-9231-871492FD76DA}.Debug|Any CPU.ActiveCfg = Debug|Any CPU
		{CF3AA32B-8246-4437-9231-871492FD76DA}.Debug|Any CPU.Build.0 = Debug|Any CPU
		{CF3AA32B-8246-4437-9231-871492FD76DA}.Debug|x64.ActiveCfg = Debug|Any CPU
		{CF3AA32B-8246-4437-9231-871492FD76DA}.Debug|x64.Build.0 = Debug|Any CPU
		{CF3AA32B-8246-4437-9231-871492FD76DA}.Debug|x86.ActiveCfg = Debug|Any CPU
		{CF3AA32B-8246-4437-9231-871492FD76DA}.Debug|x86.Build.0 = Debug|Any CPU
		{CF3AA32B-8246-4437-9231-871492FD76DA}.Release|Any CPU.ActiveCfg = Release|Any CPU
		{CF3AA32B-8246-4437-9231-871492FD76DA}.Release|Any CPU.Build.0 = Release|Any CPU
		{CF3AA32B-8246-4437-9231-871492FD76DA}.Release|x64.ActiveCfg = Release|Any CPU
		{CF3AA32B-8246-4437-9231-871492FD76DA}.Release|x64.Build.0 = Release|Any CPU
		{CF3AA32B-8246-4437-9231-871492FD76DA}.Release|x86.ActiveCfg = Release|Any CPU
		{CF3AA32B-8246-4437-9231-871492FD76DA}.Release|x86.Build.0 = Release|Any CPU
		{1BA8C221-7646-4061-B42E-50E59C544B5B}.Debug|Any CPU.ActiveCfg = Debug|Any CPU
		{1BA8C221-7646-4061-B42E-50E59C544B5B}.Debug|Any CPU.Build.0 = Debug|Any CPU
		{1BA8C221-7646-4061-B42E-50E59C544B5B}.Debug|x64.ActiveCfg = Debug|Any CPU
		{1BA8C221-7646-4061-B42E-50E59C544B5B}.Debug|x64.Build.0 = Debug|Any CPU
		{1BA8C221-7646-4061-B42E-50E59C544B5B}.Debug|x86.ActiveCfg = Debug|Any CPU
		{1BA8C221-7646-4061-B42E-50E59C544B5B}.Debug|x86.Build.0 = Debug|Any CPU
		{1BA8C221-7646-4061-B42E-50E59C544B5B}.Release|Any CPU.ActiveCfg = Release|Any CPU
		{1BA8C221-7646-4061-B42E-50E59C544B5B}.Release|Any CPU.Build.0 = Release|Any CPU
		{1BA8C221-7646-4061-B42E-50E59C544B5B}.Release|x64.ActiveCfg = Release|Any CPU
		{1BA8C221-7646-4061-B42E-50E59C544B5B}.Release|x64.Build.0 = Release|Any CPU
		{1BA8C221-7646-4061-B42E-50E59C544B5B}.Release|x86.ActiveCfg = Release|Any CPU
		{1BA8C221-7646-4061-B42E-50E59C544B5B}.Release|x86.Build.0 = Release|Any CPU
		{02B5EE46-66FA-42DF-A71E-F375CBAEBB45}.Debug|Any CPU.ActiveCfg = Debug|Any CPU
		{02B5EE46-66FA-42DF-A71E-F375CBAEBB45}.Debug|Any CPU.Build.0 = Debug|Any CPU
		{02B5EE46-66FA-42DF-A71E-F375CBAEBB45}.Debug|x64.ActiveCfg = Debug|Any CPU
		{02B5EE46-66FA-42DF-A71E-F375CBAEBB45}.Debug|x64.Build.0 = Debug|Any CPU
		{02B5EE46-66FA-42DF-A71E-F375CBAEBB45}.Debug|x86.ActiveCfg = Debug|Any CPU
		{02B5EE46-66FA-42DF-A71E-F375CBAEBB45}.Debug|x86.Build.0 = Debug|Any CPU
		{02B5EE46-66FA-42DF-A71E-F375CBAEBB45}.Release|Any CPU.ActiveCfg = Release|Any CPU
		{02B5EE46-66FA-42DF-A71E-F375CBAEBB45}.Release|Any CPU.Build.0 = Release|Any CPU
		{02B5EE46-66FA-42DF-A71E-F375CBAEBB45}.Release|x64.ActiveCfg = Release|Any CPU
		{02B5EE46-66FA-42DF-A71E-F375CBAEBB45}.Release|x64.Build.0 = Release|Any CPU
		{02B5EE46-66FA-42DF-A71E-F375CBAEBB45}.Release|x86.ActiveCfg = Release|Any CPU
		{02B5EE46-66FA-42DF-A71E-F375CBAEBB45}.Release|x86.Build.0 = Release|Any CPU
		{1EABBE5D-824A-4D0A-BF40-351235DD6335}.Debug|Any CPU.ActiveCfg = Debug|Any CPU
		{1EABBE5D-824A-4D0A-BF40-351235DD6335}.Debug|Any CPU.Build.0 = Debug|Any CPU
		{1EABBE5D-824A-4D0A-BF40-351235DD6335}.Debug|x64.ActiveCfg = Debug|Any CPU
		{1EABBE5D-824A-4D0A-BF40-351235DD6335}.Debug|x64.Build.0 = Debug|Any CPU
		{1EABBE5D-824A-4D0A-BF40-351235DD6335}.Debug|x86.ActiveCfg = Debug|Any CPU
		{1EABBE5D-824A-4D0A-BF40-351235DD6335}.Debug|x86.Build.0 = Debug|Any CPU
		{1EABBE5D-824A-4D0A-BF40-351235DD6335}.Release|Any CPU.ActiveCfg = Release|Any CPU
		{1EABBE5D-824A-4D0A-BF40-351235DD6335}.Release|Any CPU.Build.0 = Release|Any CPU
		{1EABBE5D-824A-4D0A-BF40-351235DD6335}.Release|x64.ActiveCfg = Release|Any CPU
		{1EABBE5D-824A-4D0A-BF40-351235DD6335}.Release|x64.Build.0 = Release|Any CPU
		{1EABBE5D-824A-4D0A-BF40-351235DD6335}.Release|x86.ActiveCfg = Release|Any CPU
		{1EABBE5D-824A-4D0A-BF40-351235DD6335}.Release|x86.Build.0 = Release|Any CPU
		{E995E0DA-8B64-4E8D-82A5-504053BDD2CA}.Debug|Any CPU.ActiveCfg = Debug|Any CPU
		{E995E0DA-8B64-4E8D-82A5-504053BDD2CA}.Debug|Any CPU.Build.0 = Debug|Any CPU
		{E995E0DA-8B64-4E8D-82A5-504053BDD2CA}.Debug|x64.ActiveCfg = Debug|Any CPU
		{E995E0DA-8B64-4E8D-82A5-504053BDD2CA}.Debug|x64.Build.0 = Debug|Any CPU
		{E995E0DA-8B64-4E8D-82A5-504053BDD2CA}.Debug|x86.ActiveCfg = Debug|Any CPU
		{E995E0DA-8B64-4E8D-82A5-504053BDD2CA}.Debug|x86.Build.0 = Debug|Any CPU
		{E995E0DA-8B64-4E8D-82A5-504053BDD2CA}.Release|Any CPU.ActiveCfg = Release|Any CPU
		{E995E0DA-8B64-4E8D-82A5-504053BDD2CA}.Release|Any CPU.Build.0 = Release|Any CPU
		{E995E0DA-8B64-4E8D-82A5-504053BDD2CA}.Release|x64.ActiveCfg = Release|Any CPU
		{E995E0DA-8B64-4E8D-82A5-504053BDD2CA}.Release|x64.Build.0 = Release|Any CPU
		{E995E0DA-8B64-4E8D-82A5-504053BDD2CA}.Release|x86.ActiveCfg = Release|Any CPU
		{E995E0DA-8B64-4E8D-82A5-504053BDD2CA}.Release|x86.Build.0 = Release|Any CPU
		{40039466-921F-48E5-8BE1-A14B8F734D18}.Debug|Any CPU.ActiveCfg = Debug|Any CPU
		{40039466-921F-48E5-8BE1-A14B8F734D18}.Debug|Any CPU.Build.0 = Debug|Any CPU
		{40039466-921F-48E5-8BE1-A14B8F734D18}.Debug|x64.ActiveCfg = Debug|Any CPU
		{40039466-921F-48E5-8BE1-A14B8F734D18}.Debug|x64.Build.0 = Debug|Any CPU
		{40039466-921F-48E5-8BE1-A14B8F734D18}.Debug|x86.ActiveCfg = Debug|Any CPU
		{40039466-921F-48E5-8BE1-A14B8F734D18}.Debug|x86.Build.0 = Debug|Any CPU
		{40039466-921F-48E5-8BE1-A14B8F734D18}.Release|Any CPU.ActiveCfg = Release|Any CPU
		{40039466-921F-48E5-8BE1-A14B8F734D18}.Release|Any CPU.Build.0 = Release|Any CPU
		{40039466-921F-48E5-8BE1-A14B8F734D18}.Release|x64.ActiveCfg = Release|Any CPU
		{40039466-921F-48E5-8BE1-A14B8F734D18}.Release|x64.Build.0 = Release|Any CPU
		{40039466-921F-48E5-8BE1-A14B8F734D18}.Release|x86.ActiveCfg = Release|Any CPU
		{40039466-921F-48E5-8BE1-A14B8F734D18}.Release|x86.Build.0 = Release|Any CPU
		{BF3789F2-494E-4D47-B90B-4056CB43D757}.Debug|Any CPU.ActiveCfg = Debug|Any CPU
		{BF3789F2-494E-4D47-B90B-4056CB43D757}.Debug|Any CPU.Build.0 = Debug|Any CPU
		{BF3789F2-494E-4D47-B90B-4056CB43D757}.Debug|x64.ActiveCfg = Debug|Any CPU
		{BF3789F2-494E-4D47-B90B-4056CB43D757}.Debug|x64.Build.0 = Debug|Any CPU
		{BF3789F2-494E-4D47-B90B-4056CB43D757}.Debug|x86.ActiveCfg = Debug|Any CPU
		{BF3789F2-494E-4D47-B90B-4056CB43D757}.Debug|x86.Build.0 = Debug|Any CPU
		{BF3789F2-494E-4D47-B90B-4056CB43D757}.Release|Any CPU.ActiveCfg = Release|Any CPU
		{BF3789F2-494E-4D47-B90B-4056CB43D757}.Release|Any CPU.Build.0 = Release|Any CPU
		{BF3789F2-494E-4D47-B90B-4056CB43D757}.Release|x64.ActiveCfg = Release|Any CPU
		{BF3789F2-494E-4D47-B90B-4056CB43D757}.Release|x64.Build.0 = Release|Any CPU
		{BF3789F2-494E-4D47-B90B-4056CB43D757}.Release|x86.ActiveCfg = Release|Any CPU
		{BF3789F2-494E-4D47-B90B-4056CB43D757}.Release|x86.Build.0 = Release|Any CPU
		{429155A8-7CEF-4129-87D6-FAD65CA79BAE}.Debug|Any CPU.ActiveCfg = Debug|Any CPU
		{429155A8-7CEF-4129-87D6-FAD65CA79BAE}.Debug|Any CPU.Build.0 = Debug|Any CPU
		{429155A8-7CEF-4129-87D6-FAD65CA79BAE}.Debug|x64.ActiveCfg = Debug|Any CPU
		{429155A8-7CEF-4129-87D6-FAD65CA79BAE}.Debug|x64.Build.0 = Debug|Any CPU
		{429155A8-7CEF-4129-87D6-FAD65CA79BAE}.Debug|x86.ActiveCfg = Debug|Any CPU
		{429155A8-7CEF-4129-87D6-FAD65CA79BAE}.Debug|x86.Build.0 = Debug|Any CPU
		{429155A8-7CEF-4129-87D6-FAD65CA79BAE}.Release|Any CPU.ActiveCfg = Release|Any CPU
		{429155A8-7CEF-4129-87D6-FAD65CA79BAE}.Release|Any CPU.Build.0 = Release|Any CPU
		{429155A8-7CEF-4129-87D6-FAD65CA79BAE}.Release|x64.ActiveCfg = Release|Any CPU
		{429155A8-7CEF-4129-87D6-FAD65CA79BAE}.Release|x64.Build.0 = Release|Any CPU
		{429155A8-7CEF-4129-87D6-FAD65CA79BAE}.Release|x86.ActiveCfg = Release|Any CPU
		{429155A8-7CEF-4129-87D6-FAD65CA79BAE}.Release|x86.Build.0 = Release|Any CPU
		{E17C0532-8798-4245-8644-D4F02C3A6E13}.Debug|Any CPU.ActiveCfg = Debug|Any CPU
		{E17C0532-8798-4245-8644-D4F02C3A6E13}.Debug|Any CPU.Build.0 = Debug|Any CPU
		{E17C0532-8798-4245-8644-D4F02C3A6E13}.Debug|x64.ActiveCfg = Debug|Any CPU
		{E17C0532-8798-4245-8644-D4F02C3A6E13}.Debug|x64.Build.0 = Debug|Any CPU
		{E17C0532-8798-4245-8644-D4F02C3A6E13}.Debug|x86.ActiveCfg = Debug|Any CPU
		{E17C0532-8798-4245-8644-D4F02C3A6E13}.Debug|x86.Build.0 = Debug|Any CPU
		{E17C0532-8798-4245-8644-D4F02C3A6E13}.Release|Any CPU.ActiveCfg = Release|Any CPU
		{E17C0532-8798-4245-8644-D4F02C3A6E13}.Release|Any CPU.Build.0 = Release|Any CPU
		{E17C0532-8798-4245-8644-D4F02C3A6E13}.Release|x64.ActiveCfg = Release|Any CPU
		{E17C0532-8798-4245-8644-D4F02C3A6E13}.Release|x64.Build.0 = Release|Any CPU
		{E17C0532-8798-4245-8644-D4F02C3A6E13}.Release|x86.ActiveCfg = Release|Any CPU
		{E17C0532-8798-4245-8644-D4F02C3A6E13}.Release|x86.Build.0 = Release|Any CPU
		{321FC947-2B8B-45E0-B89E-3AB9F2A95F44}.Debug|Any CPU.ActiveCfg = Debug|Any CPU
		{321FC947-2B8B-45E0-B89E-3AB9F2A95F44}.Debug|Any CPU.Build.0 = Debug|Any CPU
		{321FC947-2B8B-45E0-B89E-3AB9F2A95F44}.Debug|x64.ActiveCfg = Debug|Any CPU
		{321FC947-2B8B-45E0-B89E-3AB9F2A95F44}.Debug|x64.Build.0 = Debug|Any CPU
		{321FC947-2B8B-45E0-B89E-3AB9F2A95F44}.Debug|x86.ActiveCfg = Debug|Any CPU
		{321FC947-2B8B-45E0-B89E-3AB9F2A95F44}.Debug|x86.Build.0 = Debug|Any CPU
		{321FC947-2B8B-45E0-B89E-3AB9F2A95F44}.Release|Any CPU.ActiveCfg = Release|Any CPU
		{321FC947-2B8B-45E0-B89E-3AB9F2A95F44}.Release|Any CPU.Build.0 = Release|Any CPU
		{321FC947-2B8B-45E0-B89E-3AB9F2A95F44}.Release|x64.ActiveCfg = Release|Any CPU
		{321FC947-2B8B-45E0-B89E-3AB9F2A95F44}.Release|x64.Build.0 = Release|Any CPU
		{321FC947-2B8B-45E0-B89E-3AB9F2A95F44}.Release|x86.ActiveCfg = Release|Any CPU
		{321FC947-2B8B-45E0-B89E-3AB9F2A95F44}.Release|x86.Build.0 = Release|Any CPU
		{9082807A-83D9-4756-9A20-307EBF21D6E1}.Debug|Any CPU.ActiveCfg = Debug|Any CPU
		{9082807A-83D9-4756-9A20-307EBF21D6E1}.Debug|Any CPU.Build.0 = Debug|Any CPU
		{9082807A-83D9-4756-9A20-307EBF21D6E1}.Debug|x64.ActiveCfg = Debug|Any CPU
		{9082807A-83D9-4756-9A20-307EBF21D6E1}.Debug|x64.Build.0 = Debug|Any CPU
		{9082807A-83D9-4756-9A20-307EBF21D6E1}.Debug|x86.ActiveCfg = Debug|Any CPU
		{9082807A-83D9-4756-9A20-307EBF21D6E1}.Debug|x86.Build.0 = Debug|Any CPU
		{9082807A-83D9-4756-9A20-307EBF21D6E1}.Release|Any CPU.ActiveCfg = Release|Any CPU
		{9082807A-83D9-4756-9A20-307EBF21D6E1}.Release|Any CPU.Build.0 = Release|Any CPU
		{9082807A-83D9-4756-9A20-307EBF21D6E1}.Release|x64.ActiveCfg = Release|Any CPU
		{9082807A-83D9-4756-9A20-307EBF21D6E1}.Release|x64.Build.0 = Release|Any CPU
		{9082807A-83D9-4756-9A20-307EBF21D6E1}.Release|x86.ActiveCfg = Release|Any CPU
		{9082807A-83D9-4756-9A20-307EBF21D6E1}.Release|x86.Build.0 = Release|Any CPU
		{E9A1A414-3117-41D9-990E-ABA5D910B19C}.Debug|Any CPU.ActiveCfg = Debug|Any CPU
		{E9A1A414-3117-41D9-990E-ABA5D910B19C}.Debug|Any CPU.Build.0 = Debug|Any CPU
		{E9A1A414-3117-41D9-990E-ABA5D910B19C}.Debug|x64.ActiveCfg = Debug|Any CPU
		{E9A1A414-3117-41D9-990E-ABA5D910B19C}.Debug|x64.Build.0 = Debug|Any CPU
		{E9A1A414-3117-41D9-990E-ABA5D910B19C}.Debug|x86.ActiveCfg = Debug|Any CPU
		{E9A1A414-3117-41D9-990E-ABA5D910B19C}.Debug|x86.Build.0 = Debug|Any CPU
		{E9A1A414-3117-41D9-990E-ABA5D910B19C}.Release|Any CPU.ActiveCfg = Release|Any CPU
		{E9A1A414-3117-41D9-990E-ABA5D910B19C}.Release|Any CPU.Build.0 = Release|Any CPU
		{E9A1A414-3117-41D9-990E-ABA5D910B19C}.Release|x64.ActiveCfg = Release|Any CPU
		{E9A1A414-3117-41D9-990E-ABA5D910B19C}.Release|x64.Build.0 = Release|Any CPU
		{E9A1A414-3117-41D9-990E-ABA5D910B19C}.Release|x86.ActiveCfg = Release|Any CPU
		{E9A1A414-3117-41D9-990E-ABA5D910B19C}.Release|x86.Build.0 = Release|Any CPU
		{9520CEAE-DA4F-4249-A741-9F1F487B5CE9}.Debug|Any CPU.ActiveCfg = Debug|Any CPU
		{9520CEAE-DA4F-4249-A741-9F1F487B5CE9}.Debug|Any CPU.Build.0 = Debug|Any CPU
		{9520CEAE-DA4F-4249-A741-9F1F487B5CE9}.Debug|x64.ActiveCfg = Debug|Any CPU
		{9520CEAE-DA4F-4249-A741-9F1F487B5CE9}.Debug|x64.Build.0 = Debug|Any CPU
		{9520CEAE-DA4F-4249-A741-9F1F487B5CE9}.Debug|x86.ActiveCfg = Debug|Any CPU
		{9520CEAE-DA4F-4249-A741-9F1F487B5CE9}.Debug|x86.Build.0 = Debug|Any CPU
		{9520CEAE-DA4F-4249-A741-9F1F487B5CE9}.Release|Any CPU.ActiveCfg = Release|Any CPU
		{9520CEAE-DA4F-4249-A741-9F1F487B5CE9}.Release|Any CPU.Build.0 = Release|Any CPU
		{9520CEAE-DA4F-4249-A741-9F1F487B5CE9}.Release|x64.ActiveCfg = Release|Any CPU
		{9520CEAE-DA4F-4249-A741-9F1F487B5CE9}.Release|x64.Build.0 = Release|Any CPU
		{9520CEAE-DA4F-4249-A741-9F1F487B5CE9}.Release|x86.ActiveCfg = Release|Any CPU
		{9520CEAE-DA4F-4249-A741-9F1F487B5CE9}.Release|x86.Build.0 = Release|Any CPU
		{58B3F7C4-13CB-459E-BBCF-544782378A81}.Debug|Any CPU.ActiveCfg = Debug|Any CPU
		{58B3F7C4-13CB-459E-BBCF-544782378A81}.Debug|Any CPU.Build.0 = Debug|Any CPU
		{58B3F7C4-13CB-459E-BBCF-544782378A81}.Debug|x64.ActiveCfg = Debug|Any CPU
		{58B3F7C4-13CB-459E-BBCF-544782378A81}.Debug|x64.Build.0 = Debug|Any CPU
		{58B3F7C4-13CB-459E-BBCF-544782378A81}.Debug|x86.ActiveCfg = Debug|Any CPU
		{58B3F7C4-13CB-459E-BBCF-544782378A81}.Debug|x86.Build.0 = Debug|Any CPU
		{58B3F7C4-13CB-459E-BBCF-544782378A81}.Release|Any CPU.ActiveCfg = Release|Any CPU
		{58B3F7C4-13CB-459E-BBCF-544782378A81}.Release|Any CPU.Build.0 = Release|Any CPU
		{58B3F7C4-13CB-459E-BBCF-544782378A81}.Release|x64.ActiveCfg = Release|Any CPU
		{58B3F7C4-13CB-459E-BBCF-544782378A81}.Release|x64.Build.0 = Release|Any CPU
		{58B3F7C4-13CB-459E-BBCF-544782378A81}.Release|x86.ActiveCfg = Release|Any CPU
		{58B3F7C4-13CB-459E-BBCF-544782378A81}.Release|x86.Build.0 = Release|Any CPU
		{F4D0F4C2-26A6-43AC-BC80-D1762684A605}.Debug|Any CPU.ActiveCfg = Debug|Any CPU
		{F4D0F4C2-26A6-43AC-BC80-D1762684A605}.Debug|Any CPU.Build.0 = Debug|Any CPU
		{F4D0F4C2-26A6-43AC-BC80-D1762684A605}.Debug|x64.ActiveCfg = Debug|Any CPU
		{F4D0F4C2-26A6-43AC-BC80-D1762684A605}.Debug|x64.Build.0 = Debug|Any CPU
		{F4D0F4C2-26A6-43AC-BC80-D1762684A605}.Debug|x86.ActiveCfg = Debug|Any CPU
		{F4D0F4C2-26A6-43AC-BC80-D1762684A605}.Debug|x86.Build.0 = Debug|Any CPU
		{F4D0F4C2-26A6-43AC-BC80-D1762684A605}.Release|Any CPU.ActiveCfg = Release|Any CPU
		{F4D0F4C2-26A6-43AC-BC80-D1762684A605}.Release|Any CPU.Build.0 = Release|Any CPU
		{F4D0F4C2-26A6-43AC-BC80-D1762684A605}.Release|x64.ActiveCfg = Release|Any CPU
		{F4D0F4C2-26A6-43AC-BC80-D1762684A605}.Release|x64.Build.0 = Release|Any CPU
		{F4D0F4C2-26A6-43AC-BC80-D1762684A605}.Release|x86.ActiveCfg = Release|Any CPU
		{F4D0F4C2-26A6-43AC-BC80-D1762684A605}.Release|x86.Build.0 = Release|Any CPU
		{82FE764B-4AA7-4694-B9BC-85119629AF56}.Debug|Any CPU.ActiveCfg = Debug|Any CPU
		{82FE764B-4AA7-4694-B9BC-85119629AF56}.Debug|Any CPU.Build.0 = Debug|Any CPU
		{82FE764B-4AA7-4694-B9BC-85119629AF56}.Debug|x64.ActiveCfg = Debug|Any CPU
		{82FE764B-4AA7-4694-B9BC-85119629AF56}.Debug|x64.Build.0 = Debug|Any CPU
		{82FE764B-4AA7-4694-B9BC-85119629AF56}.Debug|x86.ActiveCfg = Debug|Any CPU
		{82FE764B-4AA7-4694-B9BC-85119629AF56}.Debug|x86.Build.0 = Debug|Any CPU
		{82FE764B-4AA7-4694-B9BC-85119629AF56}.Release|Any CPU.ActiveCfg = Release|Any CPU
		{82FE764B-4AA7-4694-B9BC-85119629AF56}.Release|Any CPU.Build.0 = Release|Any CPU
		{82FE764B-4AA7-4694-B9BC-85119629AF56}.Release|x64.ActiveCfg = Release|Any CPU
		{82FE764B-4AA7-4694-B9BC-85119629AF56}.Release|x64.Build.0 = Release|Any CPU
		{82FE764B-4AA7-4694-B9BC-85119629AF56}.Release|x86.ActiveCfg = Release|Any CPU
		{82FE764B-4AA7-4694-B9BC-85119629AF56}.Release|x86.Build.0 = Release|Any CPU
		{4936F68E-2FB8-4DC3-96CF-53116D2437E6}.Debug|Any CPU.ActiveCfg = Debug|Any CPU
		{4936F68E-2FB8-4DC3-96CF-53116D2437E6}.Debug|Any CPU.Build.0 = Debug|Any CPU
		{4936F68E-2FB8-4DC3-96CF-53116D2437E6}.Debug|x64.ActiveCfg = Debug|Any CPU
		{4936F68E-2FB8-4DC3-96CF-53116D2437E6}.Debug|x64.Build.0 = Debug|Any CPU
		{4936F68E-2FB8-4DC3-96CF-53116D2437E6}.Debug|x86.ActiveCfg = Debug|Any CPU
		{4936F68E-2FB8-4DC3-96CF-53116D2437E6}.Debug|x86.Build.0 = Debug|Any CPU
		{4936F68E-2FB8-4DC3-96CF-53116D2437E6}.Release|Any CPU.ActiveCfg = Release|Any CPU
		{4936F68E-2FB8-4DC3-96CF-53116D2437E6}.Release|Any CPU.Build.0 = Release|Any CPU
		{4936F68E-2FB8-4DC3-96CF-53116D2437E6}.Release|x64.ActiveCfg = Release|Any CPU
		{4936F68E-2FB8-4DC3-96CF-53116D2437E6}.Release|x64.Build.0 = Release|Any CPU
		{4936F68E-2FB8-4DC3-96CF-53116D2437E6}.Release|x86.ActiveCfg = Release|Any CPU
		{4936F68E-2FB8-4DC3-96CF-53116D2437E6}.Release|x86.Build.0 = Release|Any CPU
		{C9FD7A97-4205-421E-A286-3AFE0B2BDA74}.Debug|Any CPU.ActiveCfg = Debug|Any CPU
		{C9FD7A97-4205-421E-A286-3AFE0B2BDA74}.Debug|Any CPU.Build.0 = Debug|Any CPU
		{C9FD7A97-4205-421E-A286-3AFE0B2BDA74}.Debug|x64.ActiveCfg = Debug|Any CPU
		{C9FD7A97-4205-421E-A286-3AFE0B2BDA74}.Debug|x64.Build.0 = Debug|Any CPU
		{C9FD7A97-4205-421E-A286-3AFE0B2BDA74}.Debug|x86.ActiveCfg = Debug|Any CPU
		{C9FD7A97-4205-421E-A286-3AFE0B2BDA74}.Debug|x86.Build.0 = Debug|Any CPU
		{C9FD7A97-4205-421E-A286-3AFE0B2BDA74}.Release|Any CPU.ActiveCfg = Release|Any CPU
		{C9FD7A97-4205-421E-A286-3AFE0B2BDA74}.Release|Any CPU.Build.0 = Release|Any CPU
		{C9FD7A97-4205-421E-A286-3AFE0B2BDA74}.Release|x64.ActiveCfg = Release|Any CPU
		{C9FD7A97-4205-421E-A286-3AFE0B2BDA74}.Release|x64.Build.0 = Release|Any CPU
		{C9FD7A97-4205-421E-A286-3AFE0B2BDA74}.Release|x86.ActiveCfg = Release|Any CPU
		{C9FD7A97-4205-421E-A286-3AFE0B2BDA74}.Release|x86.Build.0 = Release|Any CPU
		{544EBBCF-F78C-46C0-8C1B-E3D4760ECD18}.Debug|Any CPU.ActiveCfg = Debug|Any CPU
		{544EBBCF-F78C-46C0-8C1B-E3D4760ECD18}.Debug|Any CPU.Build.0 = Debug|Any CPU
		{544EBBCF-F78C-46C0-8C1B-E3D4760ECD18}.Debug|x64.ActiveCfg = Debug|Any CPU
		{544EBBCF-F78C-46C0-8C1B-E3D4760ECD18}.Debug|x64.Build.0 = Debug|Any CPU
		{544EBBCF-F78C-46C0-8C1B-E3D4760ECD18}.Debug|x86.ActiveCfg = Debug|Any CPU
		{544EBBCF-F78C-46C0-8C1B-E3D4760ECD18}.Debug|x86.Build.0 = Debug|Any CPU
		{544EBBCF-F78C-46C0-8C1B-E3D4760ECD18}.Release|Any CPU.ActiveCfg = Release|Any CPU
		{544EBBCF-F78C-46C0-8C1B-E3D4760ECD18}.Release|Any CPU.Build.0 = Release|Any CPU
		{544EBBCF-F78C-46C0-8C1B-E3D4760ECD18}.Release|x64.ActiveCfg = Release|Any CPU
		{544EBBCF-F78C-46C0-8C1B-E3D4760ECD18}.Release|x64.Build.0 = Release|Any CPU
		{544EBBCF-F78C-46C0-8C1B-E3D4760ECD18}.Release|x86.ActiveCfg = Release|Any CPU
		{544EBBCF-F78C-46C0-8C1B-E3D4760ECD18}.Release|x86.Build.0 = Release|Any CPU
		{D932B4EA-845D-48B3-ADFD-C9EBD3E6232A}.Debug|Any CPU.ActiveCfg = Debug|Any CPU
		{D932B4EA-845D-48B3-ADFD-C9EBD3E6232A}.Debug|Any CPU.Build.0 = Debug|Any CPU
		{D932B4EA-845D-48B3-ADFD-C9EBD3E6232A}.Debug|x64.ActiveCfg = Debug|Any CPU
		{D932B4EA-845D-48B3-ADFD-C9EBD3E6232A}.Debug|x64.Build.0 = Debug|Any CPU
		{D932B4EA-845D-48B3-ADFD-C9EBD3E6232A}.Debug|x86.ActiveCfg = Debug|Any CPU
		{D932B4EA-845D-48B3-ADFD-C9EBD3E6232A}.Debug|x86.Build.0 = Debug|Any CPU
		{D932B4EA-845D-48B3-ADFD-C9EBD3E6232A}.Release|Any CPU.ActiveCfg = Release|Any CPU
		{D932B4EA-845D-48B3-ADFD-C9EBD3E6232A}.Release|Any CPU.Build.0 = Release|Any CPU
		{D932B4EA-845D-48B3-ADFD-C9EBD3E6232A}.Release|x64.ActiveCfg = Release|Any CPU
		{D932B4EA-845D-48B3-ADFD-C9EBD3E6232A}.Release|x64.Build.0 = Release|Any CPU
		{D932B4EA-845D-48B3-ADFD-C9EBD3E6232A}.Release|x86.ActiveCfg = Release|Any CPU
		{D932B4EA-845D-48B3-ADFD-C9EBD3E6232A}.Release|x86.Build.0 = Release|Any CPU
		{F4A8CB4B-D714-46CB-8D5E-B7585A9A969A}.Debug|Any CPU.ActiveCfg = Debug|Any CPU
		{F4A8CB4B-D714-46CB-8D5E-B7585A9A969A}.Debug|Any CPU.Build.0 = Debug|Any CPU
		{F4A8CB4B-D714-46CB-8D5E-B7585A9A969A}.Debug|x64.ActiveCfg = Debug|Any CPU
		{F4A8CB4B-D714-46CB-8D5E-B7585A9A969A}.Debug|x64.Build.0 = Debug|Any CPU
		{F4A8CB4B-D714-46CB-8D5E-B7585A9A969A}.Debug|x86.ActiveCfg = Debug|Any CPU
		{F4A8CB4B-D714-46CB-8D5E-B7585A9A969A}.Debug|x86.Build.0 = Debug|Any CPU
		{F4A8CB4B-D714-46CB-8D5E-B7585A9A969A}.Release|Any CPU.ActiveCfg = Release|Any CPU
		{F4A8CB4B-D714-46CB-8D5E-B7585A9A969A}.Release|Any CPU.Build.0 = Release|Any CPU
		{F4A8CB4B-D714-46CB-8D5E-B7585A9A969A}.Release|x64.ActiveCfg = Release|Any CPU
		{F4A8CB4B-D714-46CB-8D5E-B7585A9A969A}.Release|x64.Build.0 = Release|Any CPU
		{F4A8CB4B-D714-46CB-8D5E-B7585A9A969A}.Release|x86.ActiveCfg = Release|Any CPU
		{F4A8CB4B-D714-46CB-8D5E-B7585A9A969A}.Release|x86.Build.0 = Release|Any CPU
		{6A1132F8-3D68-468D-AEB9-4B965EC7CC59}.Debug|Any CPU.ActiveCfg = Debug|Any CPU
		{6A1132F8-3D68-468D-AEB9-4B965EC7CC59}.Debug|Any CPU.Build.0 = Debug|Any CPU
		{6A1132F8-3D68-468D-AEB9-4B965EC7CC59}.Debug|x64.ActiveCfg = Debug|Any CPU
		{6A1132F8-3D68-468D-AEB9-4B965EC7CC59}.Debug|x64.Build.0 = Debug|Any CPU
		{6A1132F8-3D68-468D-AEB9-4B965EC7CC59}.Debug|x86.ActiveCfg = Debug|Any CPU
		{6A1132F8-3D68-468D-AEB9-4B965EC7CC59}.Debug|x86.Build.0 = Debug|Any CPU
		{6A1132F8-3D68-468D-AEB9-4B965EC7CC59}.Release|Any CPU.ActiveCfg = Release|Any CPU
		{6A1132F8-3D68-468D-AEB9-4B965EC7CC59}.Release|Any CPU.Build.0 = Release|Any CPU
		{6A1132F8-3D68-468D-AEB9-4B965EC7CC59}.Release|x64.ActiveCfg = Release|Any CPU
		{6A1132F8-3D68-468D-AEB9-4B965EC7CC59}.Release|x64.Build.0 = Release|Any CPU
		{6A1132F8-3D68-468D-AEB9-4B965EC7CC59}.Release|x86.ActiveCfg = Release|Any CPU
		{6A1132F8-3D68-468D-AEB9-4B965EC7CC59}.Release|x86.Build.0 = Release|Any CPU
		{0895BDA2-071C-43FF-B7A9-784305CBE090}.Debug|Any CPU.ActiveCfg = Debug|Any CPU
		{0895BDA2-071C-43FF-B7A9-784305CBE090}.Debug|Any CPU.Build.0 = Debug|Any CPU
		{0895BDA2-071C-43FF-B7A9-784305CBE090}.Debug|x64.ActiveCfg = Debug|Any CPU
		{0895BDA2-071C-43FF-B7A9-784305CBE090}.Debug|x64.Build.0 = Debug|Any CPU
		{0895BDA2-071C-43FF-B7A9-784305CBE090}.Debug|x86.ActiveCfg = Debug|Any CPU
		{0895BDA2-071C-43FF-B7A9-784305CBE090}.Debug|x86.Build.0 = Debug|Any CPU
		{0895BDA2-071C-43FF-B7A9-784305CBE090}.Release|Any CPU.ActiveCfg = Release|Any CPU
		{0895BDA2-071C-43FF-B7A9-784305CBE090}.Release|Any CPU.Build.0 = Release|Any CPU
		{0895BDA2-071C-43FF-B7A9-784305CBE090}.Release|x64.ActiveCfg = Release|Any CPU
		{0895BDA2-071C-43FF-B7A9-784305CBE090}.Release|x64.Build.0 = Release|Any CPU
		{0895BDA2-071C-43FF-B7A9-784305CBE090}.Release|x86.ActiveCfg = Release|Any CPU
		{0895BDA2-071C-43FF-B7A9-784305CBE090}.Release|x86.Build.0 = Release|Any CPU
		{B3298367-3B2F-4B2B-A939-344086B14DD5}.Debug|Any CPU.ActiveCfg = Debug|Any CPU
		{B3298367-3B2F-4B2B-A939-344086B14DD5}.Debug|Any CPU.Build.0 = Debug|Any CPU
		{B3298367-3B2F-4B2B-A939-344086B14DD5}.Debug|x64.ActiveCfg = Debug|Any CPU
		{B3298367-3B2F-4B2B-A939-344086B14DD5}.Debug|x64.Build.0 = Debug|Any CPU
		{B3298367-3B2F-4B2B-A939-344086B14DD5}.Debug|x86.ActiveCfg = Debug|Any CPU
		{B3298367-3B2F-4B2B-A939-344086B14DD5}.Debug|x86.Build.0 = Debug|Any CPU
		{B3298367-3B2F-4B2B-A939-344086B14DD5}.Release|Any CPU.ActiveCfg = Release|Any CPU
		{B3298367-3B2F-4B2B-A939-344086B14DD5}.Release|Any CPU.Build.0 = Release|Any CPU
		{B3298367-3B2F-4B2B-A939-344086B14DD5}.Release|x64.ActiveCfg = Release|Any CPU
		{B3298367-3B2F-4B2B-A939-344086B14DD5}.Release|x64.Build.0 = Release|Any CPU
		{B3298367-3B2F-4B2B-A939-344086B14DD5}.Release|x86.ActiveCfg = Release|Any CPU
		{B3298367-3B2F-4B2B-A939-344086B14DD5}.Release|x86.Build.0 = Release|Any CPU
		{D6602164-2EAF-4C6F-86DE-04ACAF8D0F02}.Debug|Any CPU.ActiveCfg = Debug|Any CPU
		{D6602164-2EAF-4C6F-86DE-04ACAF8D0F02}.Debug|Any CPU.Build.0 = Debug|Any CPU
		{D6602164-2EAF-4C6F-86DE-04ACAF8D0F02}.Debug|x64.ActiveCfg = Debug|Any CPU
		{D6602164-2EAF-4C6F-86DE-04ACAF8D0F02}.Debug|x64.Build.0 = Debug|Any CPU
		{D6602164-2EAF-4C6F-86DE-04ACAF8D0F02}.Debug|x86.ActiveCfg = Debug|Any CPU
		{D6602164-2EAF-4C6F-86DE-04ACAF8D0F02}.Debug|x86.Build.0 = Debug|Any CPU
		{D6602164-2EAF-4C6F-86DE-04ACAF8D0F02}.Release|Any CPU.ActiveCfg = Release|Any CPU
		{D6602164-2EAF-4C6F-86DE-04ACAF8D0F02}.Release|Any CPU.Build.0 = Release|Any CPU
		{D6602164-2EAF-4C6F-86DE-04ACAF8D0F02}.Release|x64.ActiveCfg = Release|Any CPU
		{D6602164-2EAF-4C6F-86DE-04ACAF8D0F02}.Release|x64.Build.0 = Release|Any CPU
		{D6602164-2EAF-4C6F-86DE-04ACAF8D0F02}.Release|x86.ActiveCfg = Release|Any CPU
		{D6602164-2EAF-4C6F-86DE-04ACAF8D0F02}.Release|x86.Build.0 = Release|Any CPU
		{B86F069E-A27D-48F5-ABD3-D2DA5253801E}.Debug|Any CPU.ActiveCfg = Debug|Any CPU
		{B86F069E-A27D-48F5-ABD3-D2DA5253801E}.Debug|Any CPU.Build.0 = Debug|Any CPU
		{B86F069E-A27D-48F5-ABD3-D2DA5253801E}.Debug|x64.ActiveCfg = Debug|Any CPU
		{B86F069E-A27D-48F5-ABD3-D2DA5253801E}.Debug|x64.Build.0 = Debug|Any CPU
		{B86F069E-A27D-48F5-ABD3-D2DA5253801E}.Debug|x86.ActiveCfg = Debug|Any CPU
		{B86F069E-A27D-48F5-ABD3-D2DA5253801E}.Debug|x86.Build.0 = Debug|Any CPU
		{B86F069E-A27D-48F5-ABD3-D2DA5253801E}.Release|Any CPU.ActiveCfg = Release|Any CPU
		{B86F069E-A27D-48F5-ABD3-D2DA5253801E}.Release|Any CPU.Build.0 = Release|Any CPU
		{B86F069E-A27D-48F5-ABD3-D2DA5253801E}.Release|x64.ActiveCfg = Release|Any CPU
		{B86F069E-A27D-48F5-ABD3-D2DA5253801E}.Release|x64.Build.0 = Release|Any CPU
		{B86F069E-A27D-48F5-ABD3-D2DA5253801E}.Release|x86.ActiveCfg = Release|Any CPU
		{B86F069E-A27D-48F5-ABD3-D2DA5253801E}.Release|x86.Build.0 = Release|Any CPU
		{85892726-1503-4BDD-A04B-E4DCD172CFE0}.Debug|Any CPU.ActiveCfg = Debug|Any CPU
		{85892726-1503-4BDD-A04B-E4DCD172CFE0}.Debug|Any CPU.Build.0 = Debug|Any CPU
		{85892726-1503-4BDD-A04B-E4DCD172CFE0}.Debug|x64.ActiveCfg = Debug|Any CPU
		{85892726-1503-4BDD-A04B-E4DCD172CFE0}.Debug|x64.Build.0 = Debug|Any CPU
		{85892726-1503-4BDD-A04B-E4DCD172CFE0}.Debug|x86.ActiveCfg = Debug|Any CPU
		{85892726-1503-4BDD-A04B-E4DCD172CFE0}.Debug|x86.Build.0 = Debug|Any CPU
		{85892726-1503-4BDD-A04B-E4DCD172CFE0}.Release|Any CPU.ActiveCfg = Release|Any CPU
		{85892726-1503-4BDD-A04B-E4DCD172CFE0}.Release|Any CPU.Build.0 = Release|Any CPU
		{85892726-1503-4BDD-A04B-E4DCD172CFE0}.Release|x64.ActiveCfg = Release|Any CPU
		{85892726-1503-4BDD-A04B-E4DCD172CFE0}.Release|x64.Build.0 = Release|Any CPU
		{85892726-1503-4BDD-A04B-E4DCD172CFE0}.Release|x86.ActiveCfg = Release|Any CPU
		{85892726-1503-4BDD-A04B-E4DCD172CFE0}.Release|x86.Build.0 = Release|Any CPU
		{D26F74F9-F5FA-47B9-AB82-DD5EFD2AD1FF}.Debug|Any CPU.ActiveCfg = Debug|Any CPU
		{D26F74F9-F5FA-47B9-AB82-DD5EFD2AD1FF}.Debug|Any CPU.Build.0 = Debug|Any CPU
		{D26F74F9-F5FA-47B9-AB82-DD5EFD2AD1FF}.Debug|x64.ActiveCfg = Debug|Any CPU
		{D26F74F9-F5FA-47B9-AB82-DD5EFD2AD1FF}.Debug|x64.Build.0 = Debug|Any CPU
		{D26F74F9-F5FA-47B9-AB82-DD5EFD2AD1FF}.Debug|x86.ActiveCfg = Debug|Any CPU
		{D26F74F9-F5FA-47B9-AB82-DD5EFD2AD1FF}.Debug|x86.Build.0 = Debug|Any CPU
		{D26F74F9-F5FA-47B9-AB82-DD5EFD2AD1FF}.Release|Any CPU.ActiveCfg = Release|Any CPU
		{D26F74F9-F5FA-47B9-AB82-DD5EFD2AD1FF}.Release|Any CPU.Build.0 = Release|Any CPU
		{D26F74F9-F5FA-47B9-AB82-DD5EFD2AD1FF}.Release|x64.ActiveCfg = Release|Any CPU
		{D26F74F9-F5FA-47B9-AB82-DD5EFD2AD1FF}.Release|x64.Build.0 = Release|Any CPU
		{D26F74F9-F5FA-47B9-AB82-DD5EFD2AD1FF}.Release|x86.ActiveCfg = Release|Any CPU
		{D26F74F9-F5FA-47B9-AB82-DD5EFD2AD1FF}.Release|x86.Build.0 = Release|Any CPU
		{BB5EC479-61DC-41AD-971F-E7D4187B172C}.Debug|Any CPU.ActiveCfg = Debug|Any CPU
		{BB5EC479-61DC-41AD-971F-E7D4187B172C}.Debug|Any CPU.Build.0 = Debug|Any CPU
		{BB5EC479-61DC-41AD-971F-E7D4187B172C}.Debug|x64.ActiveCfg = Debug|Any CPU
		{BB5EC479-61DC-41AD-971F-E7D4187B172C}.Debug|x64.Build.0 = Debug|Any CPU
		{BB5EC479-61DC-41AD-971F-E7D4187B172C}.Debug|x86.ActiveCfg = Debug|Any CPU
		{BB5EC479-61DC-41AD-971F-E7D4187B172C}.Debug|x86.Build.0 = Debug|Any CPU
		{BB5EC479-61DC-41AD-971F-E7D4187B172C}.Release|Any CPU.ActiveCfg = Release|Any CPU
		{BB5EC479-61DC-41AD-971F-E7D4187B172C}.Release|Any CPU.Build.0 = Release|Any CPU
		{BB5EC479-61DC-41AD-971F-E7D4187B172C}.Release|x64.ActiveCfg = Release|Any CPU
		{BB5EC479-61DC-41AD-971F-E7D4187B172C}.Release|x64.Build.0 = Release|Any CPU
		{BB5EC479-61DC-41AD-971F-E7D4187B172C}.Release|x86.ActiveCfg = Release|Any CPU
		{BB5EC479-61DC-41AD-971F-E7D4187B172C}.Release|x86.Build.0 = Release|Any CPU
		{EF93630C-749B-4505-8CAA-29219F8AF5F3}.Debug|Any CPU.ActiveCfg = Debug|Any CPU
		{EF93630C-749B-4505-8CAA-29219F8AF5F3}.Debug|Any CPU.Build.0 = Debug|Any CPU
		{EF93630C-749B-4505-8CAA-29219F8AF5F3}.Debug|x64.ActiveCfg = Debug|Any CPU
		{EF93630C-749B-4505-8CAA-29219F8AF5F3}.Debug|x64.Build.0 = Debug|Any CPU
		{EF93630C-749B-4505-8CAA-29219F8AF5F3}.Debug|x86.ActiveCfg = Debug|Any CPU
		{EF93630C-749B-4505-8CAA-29219F8AF5F3}.Debug|x86.Build.0 = Debug|Any CPU
		{EF93630C-749B-4505-8CAA-29219F8AF5F3}.Release|Any CPU.ActiveCfg = Release|Any CPU
		{EF93630C-749B-4505-8CAA-29219F8AF5F3}.Release|Any CPU.Build.0 = Release|Any CPU
		{EF93630C-749B-4505-8CAA-29219F8AF5F3}.Release|x64.ActiveCfg = Release|Any CPU
		{EF93630C-749B-4505-8CAA-29219F8AF5F3}.Release|x64.Build.0 = Release|Any CPU
		{EF93630C-749B-4505-8CAA-29219F8AF5F3}.Release|x86.ActiveCfg = Release|Any CPU
		{EF93630C-749B-4505-8CAA-29219F8AF5F3}.Release|x86.Build.0 = Release|Any CPU
		{C4C60E4F-3C29-4890-A838-5D3A307D3BEE}.Debug|Any CPU.ActiveCfg = Debug|Any CPU
		{C4C60E4F-3C29-4890-A838-5D3A307D3BEE}.Debug|Any CPU.Build.0 = Debug|Any CPU
		{C4C60E4F-3C29-4890-A838-5D3A307D3BEE}.Debug|x64.ActiveCfg = Debug|Any CPU
		{C4C60E4F-3C29-4890-A838-5D3A307D3BEE}.Debug|x64.Build.0 = Debug|Any CPU
		{C4C60E4F-3C29-4890-A838-5D3A307D3BEE}.Debug|x86.ActiveCfg = Debug|Any CPU
		{C4C60E4F-3C29-4890-A838-5D3A307D3BEE}.Debug|x86.Build.0 = Debug|Any CPU
		{C4C60E4F-3C29-4890-A838-5D3A307D3BEE}.Release|Any CPU.ActiveCfg = Release|Any CPU
		{C4C60E4F-3C29-4890-A838-5D3A307D3BEE}.Release|Any CPU.Build.0 = Release|Any CPU
		{C4C60E4F-3C29-4890-A838-5D3A307D3BEE}.Release|x64.ActiveCfg = Release|Any CPU
		{C4C60E4F-3C29-4890-A838-5D3A307D3BEE}.Release|x64.Build.0 = Release|Any CPU
		{C4C60E4F-3C29-4890-A838-5D3A307D3BEE}.Release|x86.ActiveCfg = Release|Any CPU
		{C4C60E4F-3C29-4890-A838-5D3A307D3BEE}.Release|x86.Build.0 = Release|Any CPU
		{83EB3558-B244-4F7F-ABAE-BE642A703A43}.Debug|Any CPU.ActiveCfg = Debug|Any CPU
		{83EB3558-B244-4F7F-ABAE-BE642A703A43}.Debug|Any CPU.Build.0 = Debug|Any CPU
		{83EB3558-B244-4F7F-ABAE-BE642A703A43}.Debug|x64.ActiveCfg = Debug|Any CPU
		{83EB3558-B244-4F7F-ABAE-BE642A703A43}.Debug|x64.Build.0 = Debug|Any CPU
		{83EB3558-B244-4F7F-ABAE-BE642A703A43}.Debug|x86.ActiveCfg = Debug|Any CPU
		{83EB3558-B244-4F7F-ABAE-BE642A703A43}.Debug|x86.Build.0 = Debug|Any CPU
		{83EB3558-B244-4F7F-ABAE-BE642A703A43}.Release|Any CPU.ActiveCfg = Release|Any CPU
		{83EB3558-B244-4F7F-ABAE-BE642A703A43}.Release|Any CPU.Build.0 = Release|Any CPU
		{83EB3558-B244-4F7F-ABAE-BE642A703A43}.Release|x64.ActiveCfg = Release|Any CPU
		{83EB3558-B244-4F7F-ABAE-BE642A703A43}.Release|x64.Build.0 = Release|Any CPU
		{83EB3558-B244-4F7F-ABAE-BE642A703A43}.Release|x86.ActiveCfg = Release|Any CPU
		{83EB3558-B244-4F7F-ABAE-BE642A703A43}.Release|x86.Build.0 = Release|Any CPU
		{A60BC75A-CFB2-4DD0-ABB6-996B1A7A365E}.Debug|Any CPU.ActiveCfg = Debug|Any CPU
		{A60BC75A-CFB2-4DD0-ABB6-996B1A7A365E}.Debug|Any CPU.Build.0 = Debug|Any CPU
		{A60BC75A-CFB2-4DD0-ABB6-996B1A7A365E}.Debug|x64.ActiveCfg = Debug|Any CPU
		{A60BC75A-CFB2-4DD0-ABB6-996B1A7A365E}.Debug|x64.Build.0 = Debug|Any CPU
		{A60BC75A-CFB2-4DD0-ABB6-996B1A7A365E}.Debug|x86.ActiveCfg = Debug|Any CPU
		{A60BC75A-CFB2-4DD0-ABB6-996B1A7A365E}.Debug|x86.Build.0 = Debug|Any CPU
		{A60BC75A-CFB2-4DD0-ABB6-996B1A7A365E}.Release|Any CPU.ActiveCfg = Release|Any CPU
		{A60BC75A-CFB2-4DD0-ABB6-996B1A7A365E}.Release|Any CPU.Build.0 = Release|Any CPU
		{A60BC75A-CFB2-4DD0-ABB6-996B1A7A365E}.Release|x64.ActiveCfg = Release|Any CPU
		{A60BC75A-CFB2-4DD0-ABB6-996B1A7A365E}.Release|x64.Build.0 = Release|Any CPU
		{A60BC75A-CFB2-4DD0-ABB6-996B1A7A365E}.Release|x86.ActiveCfg = Release|Any CPU
		{A60BC75A-CFB2-4DD0-ABB6-996B1A7A365E}.Release|x86.Build.0 = Release|Any CPU
		{59CEF2C6-5BC8-4F83-ABA7-50C19533AD40}.Debug|Any CPU.ActiveCfg = Debug|Any CPU
		{59CEF2C6-5BC8-4F83-ABA7-50C19533AD40}.Debug|Any CPU.Build.0 = Debug|Any CPU
		{59CEF2C6-5BC8-4F83-ABA7-50C19533AD40}.Debug|x64.ActiveCfg = Debug|Any CPU
		{59CEF2C6-5BC8-4F83-ABA7-50C19533AD40}.Debug|x64.Build.0 = Debug|Any CPU
		{59CEF2C6-5BC8-4F83-ABA7-50C19533AD40}.Debug|x86.ActiveCfg = Debug|Any CPU
		{59CEF2C6-5BC8-4F83-ABA7-50C19533AD40}.Debug|x86.Build.0 = Debug|Any CPU
		{59CEF2C6-5BC8-4F83-ABA7-50C19533AD40}.Release|Any CPU.ActiveCfg = Release|Any CPU
		{59CEF2C6-5BC8-4F83-ABA7-50C19533AD40}.Release|Any CPU.Build.0 = Release|Any CPU
		{59CEF2C6-5BC8-4F83-ABA7-50C19533AD40}.Release|x64.ActiveCfg = Release|Any CPU
		{59CEF2C6-5BC8-4F83-ABA7-50C19533AD40}.Release|x64.Build.0 = Release|Any CPU
		{59CEF2C6-5BC8-4F83-ABA7-50C19533AD40}.Release|x86.ActiveCfg = Release|Any CPU
		{59CEF2C6-5BC8-4F83-ABA7-50C19533AD40}.Release|x86.Build.0 = Release|Any CPU
		{5CD502FA-339D-4637-A1BF-BC5B32DCAD38}.Debug|Any CPU.ActiveCfg = Debug|Any CPU
		{5CD502FA-339D-4637-A1BF-BC5B32DCAD38}.Debug|Any CPU.Build.0 = Debug|Any CPU
		{5CD502FA-339D-4637-A1BF-BC5B32DCAD38}.Debug|x64.ActiveCfg = Debug|Any CPU
		{5CD502FA-339D-4637-A1BF-BC5B32DCAD38}.Debug|x64.Build.0 = Debug|Any CPU
		{5CD502FA-339D-4637-A1BF-BC5B32DCAD38}.Debug|x86.ActiveCfg = Debug|Any CPU
		{5CD502FA-339D-4637-A1BF-BC5B32DCAD38}.Debug|x86.Build.0 = Debug|Any CPU
		{5CD502FA-339D-4637-A1BF-BC5B32DCAD38}.Release|Any CPU.ActiveCfg = Release|Any CPU
		{5CD502FA-339D-4637-A1BF-BC5B32DCAD38}.Release|Any CPU.Build.0 = Release|Any CPU
		{5CD502FA-339D-4637-A1BF-BC5B32DCAD38}.Release|x64.ActiveCfg = Release|Any CPU
		{5CD502FA-339D-4637-A1BF-BC5B32DCAD38}.Release|x64.Build.0 = Release|Any CPU
		{5CD502FA-339D-4637-A1BF-BC5B32DCAD38}.Release|x86.ActiveCfg = Release|Any CPU
		{5CD502FA-339D-4637-A1BF-BC5B32DCAD38}.Release|x86.Build.0 = Release|Any CPU
		{58453981-B2A6-49F0-9E56-AAFB5532C244}.Debug|Any CPU.ActiveCfg = Debug|Any CPU
		{58453981-B2A6-49F0-9E56-AAFB5532C244}.Debug|Any CPU.Build.0 = Debug|Any CPU
		{58453981-B2A6-49F0-9E56-AAFB5532C244}.Debug|x64.ActiveCfg = Debug|Any CPU
		{58453981-B2A6-49F0-9E56-AAFB5532C244}.Debug|x64.Build.0 = Debug|Any CPU
		{58453981-B2A6-49F0-9E56-AAFB5532C244}.Debug|x86.ActiveCfg = Debug|Any CPU
		{58453981-B2A6-49F0-9E56-AAFB5532C244}.Debug|x86.Build.0 = Debug|Any CPU
		{58453981-B2A6-49F0-9E56-AAFB5532C244}.Release|Any CPU.ActiveCfg = Release|Any CPU
		{58453981-B2A6-49F0-9E56-AAFB5532C244}.Release|Any CPU.Build.0 = Release|Any CPU
		{58453981-B2A6-49F0-9E56-AAFB5532C244}.Release|x64.ActiveCfg = Release|Any CPU
		{58453981-B2A6-49F0-9E56-AAFB5532C244}.Release|x64.Build.0 = Release|Any CPU
		{58453981-B2A6-49F0-9E56-AAFB5532C244}.Release|x86.ActiveCfg = Release|Any CPU
		{58453981-B2A6-49F0-9E56-AAFB5532C244}.Release|x86.Build.0 = Release|Any CPU
		{9190FE79-8571-492D-9EA1-D6D998521DB9}.Debug|Any CPU.ActiveCfg = Debug|Any CPU
		{9190FE79-8571-492D-9EA1-D6D998521DB9}.Debug|Any CPU.Build.0 = Debug|Any CPU
		{9190FE79-8571-492D-9EA1-D6D998521DB9}.Debug|x64.ActiveCfg = Debug|Any CPU
		{9190FE79-8571-492D-9EA1-D6D998521DB9}.Debug|x64.Build.0 = Debug|Any CPU
		{9190FE79-8571-492D-9EA1-D6D998521DB9}.Debug|x86.ActiveCfg = Debug|Any CPU
		{9190FE79-8571-492D-9EA1-D6D998521DB9}.Debug|x86.Build.0 = Debug|Any CPU
		{9190FE79-8571-492D-9EA1-D6D998521DB9}.Release|Any CPU.ActiveCfg = Release|Any CPU
		{9190FE79-8571-492D-9EA1-D6D998521DB9}.Release|Any CPU.Build.0 = Release|Any CPU
		{9190FE79-8571-492D-9EA1-D6D998521DB9}.Release|x64.ActiveCfg = Release|Any CPU
		{9190FE79-8571-492D-9EA1-D6D998521DB9}.Release|x64.Build.0 = Release|Any CPU
		{9190FE79-8571-492D-9EA1-D6D998521DB9}.Release|x86.ActiveCfg = Release|Any CPU
		{9190FE79-8571-492D-9EA1-D6D998521DB9}.Release|x86.Build.0 = Release|Any CPU
		{6329D6FC-7BCD-477C-8F69-8C84697EC35D}.Debug|Any CPU.ActiveCfg = Debug|Any CPU
		{6329D6FC-7BCD-477C-8F69-8C84697EC35D}.Debug|Any CPU.Build.0 = Debug|Any CPU
		{6329D6FC-7BCD-477C-8F69-8C84697EC35D}.Debug|x64.ActiveCfg = Debug|Any CPU
		{6329D6FC-7BCD-477C-8F69-8C84697EC35D}.Debug|x64.Build.0 = Debug|Any CPU
		{6329D6FC-7BCD-477C-8F69-8C84697EC35D}.Debug|x86.ActiveCfg = Debug|Any CPU
		{6329D6FC-7BCD-477C-8F69-8C84697EC35D}.Debug|x86.Build.0 = Debug|Any CPU
		{6329D6FC-7BCD-477C-8F69-8C84697EC35D}.Release|Any CPU.ActiveCfg = Release|Any CPU
		{6329D6FC-7BCD-477C-8F69-8C84697EC35D}.Release|Any CPU.Build.0 = Release|Any CPU
		{6329D6FC-7BCD-477C-8F69-8C84697EC35D}.Release|x64.ActiveCfg = Release|Any CPU
		{6329D6FC-7BCD-477C-8F69-8C84697EC35D}.Release|x64.Build.0 = Release|Any CPU
		{6329D6FC-7BCD-477C-8F69-8C84697EC35D}.Release|x86.ActiveCfg = Release|Any CPU
		{6329D6FC-7BCD-477C-8F69-8C84697EC35D}.Release|x86.Build.0 = Release|Any CPU
		{04B9930E-022A-4425-BFC8-5E4434E94024}.Debug|Any CPU.ActiveCfg = Debug|Any CPU
		{04B9930E-022A-4425-BFC8-5E4434E94024}.Debug|Any CPU.Build.0 = Debug|Any CPU
		{04B9930E-022A-4425-BFC8-5E4434E94024}.Debug|x64.ActiveCfg = Debug|Any CPU
		{04B9930E-022A-4425-BFC8-5E4434E94024}.Debug|x64.Build.0 = Debug|Any CPU
		{04B9930E-022A-4425-BFC8-5E4434E94024}.Debug|x86.ActiveCfg = Debug|Any CPU
		{04B9930E-022A-4425-BFC8-5E4434E94024}.Debug|x86.Build.0 = Debug|Any CPU
		{04B9930E-022A-4425-BFC8-5E4434E94024}.Release|Any CPU.ActiveCfg = Release|Any CPU
		{04B9930E-022A-4425-BFC8-5E4434E94024}.Release|Any CPU.Build.0 = Release|Any CPU
		{04B9930E-022A-4425-BFC8-5E4434E94024}.Release|x64.ActiveCfg = Release|Any CPU
		{04B9930E-022A-4425-BFC8-5E4434E94024}.Release|x64.Build.0 = Release|Any CPU
		{04B9930E-022A-4425-BFC8-5E4434E94024}.Release|x86.ActiveCfg = Release|Any CPU
		{04B9930E-022A-4425-BFC8-5E4434E94024}.Release|x86.Build.0 = Release|Any CPU
		{22DF60F2-E5FE-4A35-89C3-5EB577ABEAD8}.Debug|Any CPU.ActiveCfg = Debug|Any CPU
		{22DF60F2-E5FE-4A35-89C3-5EB577ABEAD8}.Debug|Any CPU.Build.0 = Debug|Any CPU
		{22DF60F2-E5FE-4A35-89C3-5EB577ABEAD8}.Debug|x64.ActiveCfg = Debug|Any CPU
		{22DF60F2-E5FE-4A35-89C3-5EB577ABEAD8}.Debug|x64.Build.0 = Debug|Any CPU
		{22DF60F2-E5FE-4A35-89C3-5EB577ABEAD8}.Debug|x86.ActiveCfg = Debug|Any CPU
		{22DF60F2-E5FE-4A35-89C3-5EB577ABEAD8}.Debug|x86.Build.0 = Debug|Any CPU
		{22DF60F2-E5FE-4A35-89C3-5EB577ABEAD8}.Release|Any CPU.ActiveCfg = Release|Any CPU
		{22DF60F2-E5FE-4A35-89C3-5EB577ABEAD8}.Release|Any CPU.Build.0 = Release|Any CPU
		{22DF60F2-E5FE-4A35-89C3-5EB577ABEAD8}.Release|x64.ActiveCfg = Release|Any CPU
		{22DF60F2-E5FE-4A35-89C3-5EB577ABEAD8}.Release|x64.Build.0 = Release|Any CPU
		{22DF60F2-E5FE-4A35-89C3-5EB577ABEAD8}.Release|x86.ActiveCfg = Release|Any CPU
		{22DF60F2-E5FE-4A35-89C3-5EB577ABEAD8}.Release|x86.Build.0 = Release|Any CPU
	EndGlobalSection
	GlobalSection(NestedProjects) = preSolution
		{45EB27A3-9FBB-48ED-8C89-E0F074C02E8C} = {71C7D88B-6D5D-4E25-A275-869603700831}
		{F4D0F4C2-26A6-43AC-BC80-D1762684A605} = {45EB27A3-9FBB-48ED-8C89-E0F074C02E8C}
		{82FE764B-4AA7-4694-B9BC-85119629AF56} = {45EB27A3-9FBB-48ED-8C89-E0F074C02E8C}
		{4936F68E-2FB8-4DC3-96CF-53116D2437E6} = {45EB27A3-9FBB-48ED-8C89-E0F074C02E8C}
		{C9FD7A97-4205-421E-A286-3AFE0B2BDA74} = {45EB27A3-9FBB-48ED-8C89-E0F074C02E8C}
		{544EBBCF-F78C-46C0-8C1B-E3D4760ECD18} = {45EB27A3-9FBB-48ED-8C89-E0F074C02E8C}
		{D932B4EA-845D-48B3-ADFD-C9EBD3E6232A} = {45EB27A3-9FBB-48ED-8C89-E0F074C02E8C}
		{F4A8CB4B-D714-46CB-8D5E-B7585A9A969A} = {45EB27A3-9FBB-48ED-8C89-E0F074C02E8C}
		{6A1132F8-3D68-468D-AEB9-4B965EC7CC59} = {45EB27A3-9FBB-48ED-8C89-E0F074C02E8C}
		{0895BDA2-071C-43FF-B7A9-784305CBE090} = {45EB27A3-9FBB-48ED-8C89-E0F074C02E8C}
		{B3298367-3B2F-4B2B-A939-344086B14DD5} = {45EB27A3-9FBB-48ED-8C89-E0F074C02E8C}
		{D6602164-2EAF-4C6F-86DE-04ACAF8D0F02} = {45EB27A3-9FBB-48ED-8C89-E0F074C02E8C}
		{B86F069E-A27D-48F5-ABD3-D2DA5253801E} = {45EB27A3-9FBB-48ED-8C89-E0F074C02E8C}
		{85892726-1503-4BDD-A04B-E4DCD172CFE0} = {45EB27A3-9FBB-48ED-8C89-E0F074C02E8C}
		{D26F74F9-F5FA-47B9-AB82-DD5EFD2AD1FF} = {45EB27A3-9FBB-48ED-8C89-E0F074C02E8C}
		{BB5EC479-61DC-41AD-971F-E7D4187B172C} = {45EB27A3-9FBB-48ED-8C89-E0F074C02E8C}
		{EF93630C-749B-4505-8CAA-29219F8AF5F3} = {45EB27A3-9FBB-48ED-8C89-E0F074C02E8C}
		{C4C60E4F-3C29-4890-A838-5D3A307D3BEE} = {45EB27A3-9FBB-48ED-8C89-E0F074C02E8C}
		{83EB3558-B244-4F7F-ABAE-BE642A703A43} = {45EB27A3-9FBB-48ED-8C89-E0F074C02E8C}
		{A60BC75A-CFB2-4DD0-ABB6-996B1A7A365E} = {45EB27A3-9FBB-48ED-8C89-E0F074C02E8C}
		{59CEF2C6-5BC8-4F83-ABA7-50C19533AD40} = {45EB27A3-9FBB-48ED-8C89-E0F074C02E8C}
		{5CD502FA-339D-4637-A1BF-BC5B32DCAD38} = {45EB27A3-9FBB-48ED-8C89-E0F074C02E8C}
		{9190FE79-8571-492D-9EA1-D6D998521DB9} = {0F05CDCB-91D8-45D5-B09E-1FE20A5D322E}
		{6329D6FC-7BCD-477C-8F69-8C84697EC35D} = {A059A18B-8F12-4AFA-A873-160FCE87B339}
		{04B9930E-022A-4425-BFC8-5E4434E94024} = {A059A18B-8F12-4AFA-A873-160FCE87B339}
		{22DF60F2-E5FE-4A35-89C3-5EB577ABEAD8} = {A059A18B-8F12-4AFA-A873-160FCE87B339}
	EndGlobalSection
EndGlobal
